// !$*UTF8*$!
{
	archiveVersion = 1;
	classes = {
	};
	objectVersion = 46;
	objects = {

/* Begin PBXBuildFile section */
		E106229D1E1CD1C50082221F /* DKNavigationViewController.m in Sources */ = {isa = PBXBuildFile; fileRef = E106229C1E1CD1C50082221F /* DKNavigationViewController.m */; };
		E10622A11E1CD7CC0082221F /* DKConst.m in Sources */ = {isa = PBXBuildFile; fileRef = E10622A01E1CD7CC0082221F /* DKConst.m */; };
		E10622A51E1CEC200082221F /* UIBarButtonItem+Extension.m in Sources */ = {isa = PBXBuildFile; fileRef = E10622A41E1CEC200082221F /* UIBarButtonItem+Extension.m */; };
		E10622A91E1CEC840082221F /* UIView+Extension.m in Sources */ = {isa = PBXBuildFile; fileRef = E10622A81E1CEC840082221F /* UIView+Extension.m */; };
		E1A8FC4A1E2243B900D02AAA /* DKHomeSortModel.m in Sources */ = {isa = PBXBuildFile; fileRef = E1A8FC491E2243B900D02AAA /* DKHomeSortModel.m */; };
		E1A8FC4D1E2244B800D02AAA /* DKHomeSortViewController.m in Sources */ = {isa = PBXBuildFile; fileRef = E1A8FC4C1E2244B800D02AAA /* DKHomeSortViewController.m */; };
		E1A8FC501E224EF900D02AAA /* DKHomeSortButton.m in Sources */ = {isa = PBXBuildFile; fileRef = E1A8FC4F1E224EF900D02AAA /* DKHomeSortButton.m */; };
		E1D0EB281E1B7E87000C9541 /* main.m in Sources */ = {isa = PBXBuildFile; fileRef = E1D0EB271E1B7E87000C9541 /* main.m */; };
		E1D0EB2B1E1B7E87000C9541 /* AppDelegate.m in Sources */ = {isa = PBXBuildFile; fileRef = E1D0EB2A1E1B7E87000C9541 /* AppDelegate.m */; };
		E1D0EB2E1E1B7E87000C9541 /* ViewController.m in Sources */ = {isa = PBXBuildFile; fileRef = E1D0EB2D1E1B7E87000C9541 /* ViewController.m */; };
		E1D0EB331E1B7E87000C9541 /* Assets.xcassets in Resources */ = {isa = PBXBuildFile; fileRef = E1D0EB321E1B7E87000C9541 /* Assets.xcassets */; };
		E1D0EB401E1BA1CA000C9541 /* DKHomeCollectionViewController.m in Sources */ = {isa = PBXBuildFile; fileRef = E1D0EB3F1E1BA1CA000C9541 /* DKHomeCollectionViewController.m */; };
		E1F4FA181E1E3FD800DBB3A3 /* DKHomeTopItem.m in Sources */ = {isa = PBXBuildFile; fileRef = E1F4FA171E1E3FD800DBB3A3 /* DKHomeTopItem.m */; };
		E1F4FA1A1E1E400E00DBB3A3 /* DKHomeTopItem.xib in Resources */ = {isa = PBXBuildFile; fileRef = E1F4FA191E1E400E00DBB3A3 /* DKHomeTopItem.xib */; };
		E1F7A1101E20A31400ABDE49 /* DKHomeDropdownView.m in Sources */ = {isa = PBXBuildFile; fileRef = E1F7A10F1E20A31400ABDE49 /* DKHomeDropdownView.m */; };
		E1F7A1121E20A36800ABDE49 /* DKHomeDropdownView.xib in Resources */ = {isa = PBXBuildFile; fileRef = E1F7A1111E20A36800ABDE49 /* DKHomeDropdownView.xib */; };
		E1F7A1151E20AF2800ABDE49 /* DKCategoryViewController.m in Sources */ = {isa = PBXBuildFile; fileRef = E1F7A1141E20AF2800ABDE49 /* DKCategoryViewController.m */; };
		E1F7A11C1E20B55C00ABDE49 /* categories.plist in Resources */ = {isa = PBXBuildFile; fileRef = E1F7A1181E20B55C00ABDE49 /* categories.plist */; };
		E1F7A11D1E20B55C00ABDE49 /* cities.plist in Resources */ = {isa = PBXBuildFile; fileRef = E1F7A1191E20B55C00ABDE49 /* cities.plist */; };
		E1F7A11E1E20B55C00ABDE49 /* cityGroups.plist in Resources */ = {isa = PBXBuildFile; fileRef = E1F7A11A1E20B55C00ABDE49 /* cityGroups.plist */; };
		E1F7A11F1E20B55C00ABDE49 /* sorts.plist in Resources */ = {isa = PBXBuildFile; fileRef = E1F7A11B1E20B55C00ABDE49 /* sorts.plist */; };
		E1F7A1231E20B65700ABDE49 /* DKCategoryModel.m in Sources */ = {isa = PBXBuildFile; fileRef = E1F7A1221E20B65700ABDE49 /* DKCategoryModel.m */; };
		E1F7A1551E20B8A800ABDE49 /* MASCompositeConstraint.m in Sources */ = {isa = PBXBuildFile; fileRef = E1F7A1271E20B8A800ABDE49 /* MASCompositeConstraint.m */; };
		E1F7A1561E20B8A800ABDE49 /* MASConstraint.m in Sources */ = {isa = PBXBuildFile; fileRef = E1F7A12A1E20B8A800ABDE49 /* MASConstraint.m */; };
		E1F7A1571E20B8A800ABDE49 /* MASConstraintMaker.m in Sources */ = {isa = PBXBuildFile; fileRef = E1F7A12C1E20B8A800ABDE49 /* MASConstraintMaker.m */; };
		E1F7A1581E20B8A800ABDE49 /* MASLayoutConstraint.m in Sources */ = {isa = PBXBuildFile; fileRef = E1F7A12E1E20B8A800ABDE49 /* MASLayoutConstraint.m */; };
		E1F7A1591E20B8A800ABDE49 /* MASViewAttribute.m in Sources */ = {isa = PBXBuildFile; fileRef = E1F7A1321E20B8A800ABDE49 /* MASViewAttribute.m */; };
		E1F7A15A1E20B8A800ABDE49 /* MASViewConstraint.m in Sources */ = {isa = PBXBuildFile; fileRef = E1F7A1341E20B8A800ABDE49 /* MASViewConstraint.m */; };
		E1F7A15B1E20B8A800ABDE49 /* NSArray+MASAdditions.m in Sources */ = {isa = PBXBuildFile; fileRef = E1F7A1361E20B8A800ABDE49 /* NSArray+MASAdditions.m */; };
		E1F7A15C1E20B8A800ABDE49 /* NSLayoutConstraint+MASDebugAdditions.m in Sources */ = {isa = PBXBuildFile; fileRef = E1F7A1391E20B8A800ABDE49 /* NSLayoutConstraint+MASDebugAdditions.m */; };
		E1F7A15D1E20B8A800ABDE49 /* View+MASAdditions.m in Sources */ = {isa = PBXBuildFile; fileRef = E1F7A13B1E20B8A800ABDE49 /* View+MASAdditions.m */; };
		E1F7A15E1E20B8A800ABDE49 /* MJArgument.m in Sources */ = {isa = PBXBuildFile; fileRef = E1F7A13F1E20B8A800ABDE49 /* MJArgument.m */; };
		E1F7A15F1E20B8A800ABDE49 /* MJConst.m in Sources */ = {isa = PBXBuildFile; fileRef = E1F7A1411E20B8A800ABDE49 /* MJConst.m */; };
		E1F7A1601E20B8A800ABDE49 /* MJFoundation.m in Sources */ = {isa = PBXBuildFile; fileRef = E1F7A1441E20B8A800ABDE49 /* MJFoundation.m */; };
		E1F7A1611E20B8A800ABDE49 /* MJIvar.m in Sources */ = {isa = PBXBuildFile; fileRef = E1F7A1461E20B8A800ABDE49 /* MJIvar.m */; };
		E1F7A1621E20B8A800ABDE49 /* MJMember.m in Sources */ = {isa = PBXBuildFile; fileRef = E1F7A1481E20B8A800ABDE49 /* MJMember.m */; };
		E1F7A1631E20B8A800ABDE49 /* MJMethod.m in Sources */ = {isa = PBXBuildFile; fileRef = E1F7A14A1E20B8A800ABDE49 /* MJMethod.m */; };
		E1F7A1641E20B8A800ABDE49 /* MJType.m in Sources */ = {isa = PBXBuildFile; fileRef = E1F7A14C1E20B8A800ABDE49 /* MJType.m */; };
		E1F7A1651E20B8A800ABDE49 /* MJTypeEncoding.m in Sources */ = {isa = PBXBuildFile; fileRef = E1F7A14E1E20B8A800ABDE49 /* MJTypeEncoding.m */; };
		E1F7A1661E20B8A800ABDE49 /* NSObject+MJCoding.m in Sources */ = {isa = PBXBuildFile; fileRef = E1F7A1501E20B8A800ABDE49 /* NSObject+MJCoding.m */; };
		E1F7A1671E20B8A800ABDE49 /* NSObject+MJKeyValue.m in Sources */ = {isa = PBXBuildFile; fileRef = E1F7A1521E20B8A800ABDE49 /* NSObject+MJKeyValue.m */; };
		E1F7A1681E20B8A800ABDE49 /* NSObject+MJMember.m in Sources */ = {isa = PBXBuildFile; fileRef = E1F7A1541E20B8A800ABDE49 /* NSObject+MJMember.m */; };
		E1F7A16C1E20B92A00ABDE49 /* DKHomeModelTool.m in Sources */ = {isa = PBXBuildFile; fileRef = E1F7A16B1E20B92A00ABDE49 /* DKHomeModelTool.m */; };
		E1F7A16F1E20D67F00ABDE49 /* DKHomeMainTableViewCell.m in Sources */ = {isa = PBXBuildFile; fileRef = E1F7A16E1E20D67F00ABDE49 /* DKHomeMainTableViewCell.m */; };
		E1F7A1721E20D68A00ABDE49 /* DKHomeSubTableViewCell.m in Sources */ = {isa = PBXBuildFile; fileRef = E1F7A1711E20D68A00ABDE49 /* DKHomeSubTableViewCell.m */; };
		E1F7A1751E20DD9400ABDE49 /* DKHomeAddressViewController.m in Sources */ = {isa = PBXBuildFile; fileRef = E1F7A1741E20DD9400ABDE49 /* DKHomeAddressViewController.m */; };
		E1F7A1771E20DE4900ABDE49 /* DKHomeAddressViewController.xib in Resources */ = {isa = PBXBuildFile; fileRef = E1F7A1761E20DE4900ABDE49 /* DKHomeAddressViewController.xib */; };
		E1F7A17B1E20E73400ABDE49 /* DKHomeCityViewController.m in Sources */ = {isa = PBXBuildFile; fileRef = E1F7A1791E20E73400ABDE49 /* DKHomeCityViewController.m */; };
		E1F7A17C1E20E73400ABDE49 /* DKHomeCityViewController.xib in Resources */ = {isa = PBXBuildFile; fileRef = E1F7A17A1E20E73400ABDE49 /* DKHomeCityViewController.xib */; };
		E1F7A1811E20F1C800ABDE49 /* DKCityModel.m in Sources */ = {isa = PBXBuildFile; fileRef = E1F7A1801E20F1C800ABDE49 /* DKCityModel.m */; };
		E1F7A1841E20F2BE00ABDE49 /* DKCityRegion.m in Sources */ = {isa = PBXBuildFile; fileRef = E1F7A1831E20F2BE00ABDE49 /* DKCityRegion.m */; };
		E1F7A1871E20FA3800ABDE49 /* DKCityGroupModel.m in Sources */ = {isa = PBXBuildFile; fileRef = E1F7A1861E20FA3800ABDE49 /* DKCityGroupModel.m */; };
		E1F7A18A1E21179B00ABDE49 /* DKHomeSearchResultTableViewController.m in Sources */ = {isa = PBXBuildFile; fileRef = E1F7A1891E21179B00ABDE49 /* DKHomeSearchResultTableViewController.m */; };
		E1F7A18E1E2119C400ABDE49 /* Foundation+Log.m in Sources */ = {isa = PBXBuildFile; fileRef = E1F7A18B1E2119C400ABDE49 /* Foundation+Log.m */; };
		E1F7A18F1E2119C400ABDE49 /* UIView+AutoLayout.m in Sources */ = {isa = PBXBuildFile; fileRef = E1F7A18D1E2119C400ABDE49 /* UIView+AutoLayout.m */; };
/* End PBXBuildFile section */

/* Begin PBXFileReference section */
		E106229B1E1CD1C50082221F /* DKNavigationViewController.h */ = {isa = PBXFileReference; fileEncoding = 4; lastKnownFileType = sourcecode.c.h; path = DKNavigationViewController.h; sourceTree = "<group>"; };
		E106229C1E1CD1C50082221F /* DKNavigationViewController.m */ = {isa = PBXFileReference; fileEncoding = 4; lastKnownFileType = sourcecode.c.objc; path = DKNavigationViewController.m; sourceTree = "<group>"; };
		E106229F1E1CD7CC0082221F /* DKConst.h */ = {isa = PBXFileReference; fileEncoding = 4; lastKnownFileType = sourcecode.c.h; path = DKConst.h; sourceTree = "<group>"; };
		E10622A01E1CD7CC0082221F /* DKConst.m */ = {isa = PBXFileReference; fileEncoding = 4; lastKnownFileType = sourcecode.c.objc; path = DKConst.m; sourceTree = "<group>"; };
		E10622A31E1CEC200082221F /* UIBarButtonItem+Extension.h */ = {isa = PBXFileReference; fileEncoding = 4; lastKnownFileType = sourcecode.c.h; path = "UIBarButtonItem+Extension.h"; sourceTree = "<group>"; };
		E10622A41E1CEC200082221F /* UIBarButtonItem+Extension.m */ = {isa = PBXFileReference; fileEncoding = 4; lastKnownFileType = sourcecode.c.objc; path = "UIBarButtonItem+Extension.m"; sourceTree = "<group>"; };
		E10622A71E1CEC840082221F /* UIView+Extension.h */ = {isa = PBXFileReference; fileEncoding = 4; lastKnownFileType = sourcecode.c.h; path = "UIView+Extension.h"; sourceTree = "<group>"; };
		E10622A81E1CEC840082221F /* UIView+Extension.m */ = {isa = PBXFileReference; fileEncoding = 4; lastKnownFileType = sourcecode.c.objc; path = "UIView+Extension.m"; sourceTree = "<group>"; };
		E1A8FC481E2243B900D02AAA /* DKHomeSortModel.h */ = {isa = PBXFileReference; fileEncoding = 4; lastKnownFileType = sourcecode.c.h; path = DKHomeSortModel.h; sourceTree = "<group>"; };
		E1A8FC491E2243B900D02AAA /* DKHomeSortModel.m */ = {isa = PBXFileReference; fileEncoding = 4; lastKnownFileType = sourcecode.c.objc; path = DKHomeSortModel.m; sourceTree = "<group>"; };
		E1A8FC4B1E2244B800D02AAA /* DKHomeSortViewController.h */ = {isa = PBXFileReference; fileEncoding = 4; lastKnownFileType = sourcecode.c.h; path = DKHomeSortViewController.h; sourceTree = "<group>"; };
		E1A8FC4C1E2244B800D02AAA /* DKHomeSortViewController.m */ = {isa = PBXFileReference; fileEncoding = 4; lastKnownFileType = sourcecode.c.objc; path = DKHomeSortViewController.m; sourceTree = "<group>"; };
		E1A8FC4E1E224EF900D02AAA /* DKHomeSortButton.h */ = {isa = PBXFileReference; fileEncoding = 4; lastKnownFileType = sourcecode.c.h; path = DKHomeSortButton.h; sourceTree = "<group>"; };
		E1A8FC4F1E224EF900D02AAA /* DKHomeSortButton.m */ = {isa = PBXFileReference; fileEncoding = 4; lastKnownFileType = sourcecode.c.objc; path = DKHomeSortButton.m; sourceTree = "<group>"; };
		E1D0EB231E1B7E87000C9541 /* DKMeituanHD.app */ = {isa = PBXFileReference; explicitFileType = wrapper.application; includeInIndex = 0; path = DKMeituanHD.app; sourceTree = BUILT_PRODUCTS_DIR; };
		E1D0EB271E1B7E87000C9541 /* main.m */ = {isa = PBXFileReference; lastKnownFileType = sourcecode.c.objc; path = main.m; sourceTree = "<group>"; };
		E1D0EB291E1B7E87000C9541 /* AppDelegate.h */ = {isa = PBXFileReference; lastKnownFileType = sourcecode.c.h; path = AppDelegate.h; sourceTree = "<group>"; };
		E1D0EB2A1E1B7E87000C9541 /* AppDelegate.m */ = {isa = PBXFileReference; lastKnownFileType = sourcecode.c.objc; path = AppDelegate.m; sourceTree = "<group>"; };
		E1D0EB2C1E1B7E87000C9541 /* ViewController.h */ = {isa = PBXFileReference; lastKnownFileType = sourcecode.c.h; path = ViewController.h; sourceTree = "<group>"; };
		E1D0EB2D1E1B7E87000C9541 /* ViewController.m */ = {isa = PBXFileReference; lastKnownFileType = sourcecode.c.objc; path = ViewController.m; sourceTree = "<group>"; };
		E1D0EB321E1B7E87000C9541 /* Assets.xcassets */ = {isa = PBXFileReference; lastKnownFileType = folder.assetcatalog; path = Assets.xcassets; sourceTree = "<group>"; };
		E1D0EB371E1B7E87000C9541 /* Info.plist */ = {isa = PBXFileReference; lastKnownFileType = text.plist.xml; path = Info.plist; sourceTree = "<group>"; };
		E1D0EB3E1E1BA1CA000C9541 /* DKHomeCollectionViewController.h */ = {isa = PBXFileReference; fileEncoding = 4; lastKnownFileType = sourcecode.c.h; path = DKHomeCollectionViewController.h; sourceTree = "<group>"; };
		E1D0EB3F1E1BA1CA000C9541 /* DKHomeCollectionViewController.m */ = {isa = PBXFileReference; fileEncoding = 4; lastKnownFileType = sourcecode.c.objc; path = DKHomeCollectionViewController.m; sourceTree = "<group>"; };
		E1F4FA161E1E3FD800DBB3A3 /* DKHomeTopItem.h */ = {isa = PBXFileReference; fileEncoding = 4; lastKnownFileType = sourcecode.c.h; path = DKHomeTopItem.h; sourceTree = "<group>"; };
		E1F4FA171E1E3FD800DBB3A3 /* DKHomeTopItem.m */ = {isa = PBXFileReference; fileEncoding = 4; lastKnownFileType = sourcecode.c.objc; path = DKHomeTopItem.m; sourceTree = "<group>"; };
		E1F4FA191E1E400E00DBB3A3 /* DKHomeTopItem.xib */ = {isa = PBXFileReference; fileEncoding = 4; lastKnownFileType = file.xib; path = DKHomeTopItem.xib; sourceTree = "<group>"; };
		E1F7A10E1E20A31400ABDE49 /* DKHomeDropdownView.h */ = {isa = PBXFileReference; fileEncoding = 4; lastKnownFileType = sourcecode.c.h; path = DKHomeDropdownView.h; sourceTree = "<group>"; };
		E1F7A10F1E20A31400ABDE49 /* DKHomeDropdownView.m */ = {isa = PBXFileReference; fileEncoding = 4; lastKnownFileType = sourcecode.c.objc; path = DKHomeDropdownView.m; sourceTree = "<group>"; };
		E1F7A1111E20A36800ABDE49 /* DKHomeDropdownView.xib */ = {isa = PBXFileReference; fileEncoding = 4; lastKnownFileType = file.xib; path = DKHomeDropdownView.xib; sourceTree = "<group>"; };
		E1F7A1131E20AF2800ABDE49 /* DKCategoryViewController.h */ = {isa = PBXFileReference; fileEncoding = 4; lastKnownFileType = sourcecode.c.h; path = DKCategoryViewController.h; sourceTree = "<group>"; };
		E1F7A1141E20AF2800ABDE49 /* DKCategoryViewController.m */ = {isa = PBXFileReference; fileEncoding = 4; lastKnownFileType = sourcecode.c.objc; path = DKCategoryViewController.m; sourceTree = "<group>"; };
		E1F7A1181E20B55C00ABDE49 /* categories.plist */ = {isa = PBXFileReference; fileEncoding = 4; lastKnownFileType = text.plist.xml; path = categories.plist; sourceTree = "<group>"; };
		E1F7A1191E20B55C00ABDE49 /* cities.plist */ = {isa = PBXFileReference; fileEncoding = 4; lastKnownFileType = text.plist.xml; path = cities.plist; sourceTree = "<group>"; };
		E1F7A11A1E20B55C00ABDE49 /* cityGroups.plist */ = {isa = PBXFileReference; fileEncoding = 4; lastKnownFileType = text.plist.xml; path = cityGroups.plist; sourceTree = "<group>"; };
		E1F7A11B1E20B55C00ABDE49 /* sorts.plist */ = {isa = PBXFileReference; fileEncoding = 4; lastKnownFileType = text.plist.xml; path = sorts.plist; sourceTree = "<group>"; };
		E1F7A1211E20B65700ABDE49 /* DKCategoryModel.h */ = {isa = PBXFileReference; fileEncoding = 4; lastKnownFileType = sourcecode.c.h; path = DKCategoryModel.h; sourceTree = "<group>"; };
		E1F7A1221E20B65700ABDE49 /* DKCategoryModel.m */ = {isa = PBXFileReference; fileEncoding = 4; lastKnownFileType = sourcecode.c.objc; path = DKCategoryModel.m; sourceTree = "<group>"; };
		E1F7A1261E20B8A800ABDE49 /* MASCompositeConstraint.h */ = {isa = PBXFileReference; fileEncoding = 4; lastKnownFileType = sourcecode.c.h; path = MASCompositeConstraint.h; sourceTree = "<group>"; };
		E1F7A1271E20B8A800ABDE49 /* MASCompositeConstraint.m */ = {isa = PBXFileReference; fileEncoding = 4; lastKnownFileType = sourcecode.c.objc; path = MASCompositeConstraint.m; sourceTree = "<group>"; };
		E1F7A1281E20B8A800ABDE49 /* MASConstraint+Private.h */ = {isa = PBXFileReference; fileEncoding = 4; lastKnownFileType = sourcecode.c.h; path = "MASConstraint+Private.h"; sourceTree = "<group>"; };
		E1F7A1291E20B8A800ABDE49 /* MASConstraint.h */ = {isa = PBXFileReference; fileEncoding = 4; lastKnownFileType = sourcecode.c.h; path = MASConstraint.h; sourceTree = "<group>"; };
		E1F7A12A1E20B8A800ABDE49 /* MASConstraint.m */ = {isa = PBXFileReference; fileEncoding = 4; lastKnownFileType = sourcecode.c.objc; path = MASConstraint.m; sourceTree = "<group>"; };
		E1F7A12B1E20B8A800ABDE49 /* MASConstraintMaker.h */ = {isa = PBXFileReference; fileEncoding = 4; lastKnownFileType = sourcecode.c.h; path = MASConstraintMaker.h; sourceTree = "<group>"; };
		E1F7A12C1E20B8A800ABDE49 /* MASConstraintMaker.m */ = {isa = PBXFileReference; fileEncoding = 4; lastKnownFileType = sourcecode.c.objc; path = MASConstraintMaker.m; sourceTree = "<group>"; };
		E1F7A12D1E20B8A800ABDE49 /* MASLayoutConstraint.h */ = {isa = PBXFileReference; fileEncoding = 4; lastKnownFileType = sourcecode.c.h; path = MASLayoutConstraint.h; sourceTree = "<group>"; };
		E1F7A12E1E20B8A800ABDE49 /* MASLayoutConstraint.m */ = {isa = PBXFileReference; fileEncoding = 4; lastKnownFileType = sourcecode.c.objc; path = MASLayoutConstraint.m; sourceTree = "<group>"; };
		E1F7A12F1E20B8A800ABDE49 /* Masonry.h */ = {isa = PBXFileReference; fileEncoding = 4; lastKnownFileType = sourcecode.c.h; path = Masonry.h; sourceTree = "<group>"; };
		E1F7A1301E20B8A800ABDE49 /* MASUtilities.h */ = {isa = PBXFileReference; fileEncoding = 4; lastKnownFileType = sourcecode.c.h; path = MASUtilities.h; sourceTree = "<group>"; };
		E1F7A1311E20B8A800ABDE49 /* MASViewAttribute.h */ = {isa = PBXFileReference; fileEncoding = 4; lastKnownFileType = sourcecode.c.h; path = MASViewAttribute.h; sourceTree = "<group>"; };
		E1F7A1321E20B8A800ABDE49 /* MASViewAttribute.m */ = {isa = PBXFileReference; fileEncoding = 4; lastKnownFileType = sourcecode.c.objc; path = MASViewAttribute.m; sourceTree = "<group>"; };
		E1F7A1331E20B8A800ABDE49 /* MASViewConstraint.h */ = {isa = PBXFileReference; fileEncoding = 4; lastKnownFileType = sourcecode.c.h; path = MASViewConstraint.h; sourceTree = "<group>"; };
		E1F7A1341E20B8A800ABDE49 /* MASViewConstraint.m */ = {isa = PBXFileReference; fileEncoding = 4; lastKnownFileType = sourcecode.c.objc; path = MASViewConstraint.m; sourceTree = "<group>"; };
		E1F7A1351E20B8A800ABDE49 /* NSArray+MASAdditions.h */ = {isa = PBXFileReference; fileEncoding = 4; lastKnownFileType = sourcecode.c.h; path = "NSArray+MASAdditions.h"; sourceTree = "<group>"; };
		E1F7A1361E20B8A800ABDE49 /* NSArray+MASAdditions.m */ = {isa = PBXFileReference; fileEncoding = 4; lastKnownFileType = sourcecode.c.objc; path = "NSArray+MASAdditions.m"; sourceTree = "<group>"; };
		E1F7A1371E20B8A800ABDE49 /* NSArray+MASShorthandAdditions.h */ = {isa = PBXFileReference; fileEncoding = 4; lastKnownFileType = sourcecode.c.h; path = "NSArray+MASShorthandAdditions.h"; sourceTree = "<group>"; };
		E1F7A1381E20B8A800ABDE49 /* NSLayoutConstraint+MASDebugAdditions.h */ = {isa = PBXFileReference; fileEncoding = 4; lastKnownFileType = sourcecode.c.h; path = "NSLayoutConstraint+MASDebugAdditions.h"; sourceTree = "<group>"; };
		E1F7A1391E20B8A800ABDE49 /* NSLayoutConstraint+MASDebugAdditions.m */ = {isa = PBXFileReference; fileEncoding = 4; lastKnownFileType = sourcecode.c.objc; path = "NSLayoutConstraint+MASDebugAdditions.m"; sourceTree = "<group>"; };
		E1F7A13A1E20B8A800ABDE49 /* View+MASAdditions.h */ = {isa = PBXFileReference; fileEncoding = 4; lastKnownFileType = sourcecode.c.h; path = "View+MASAdditions.h"; sourceTree = "<group>"; };
		E1F7A13B1E20B8A800ABDE49 /* View+MASAdditions.m */ = {isa = PBXFileReference; fileEncoding = 4; lastKnownFileType = sourcecode.c.objc; path = "View+MASAdditions.m"; sourceTree = "<group>"; };
		E1F7A13C1E20B8A800ABDE49 /* View+MASShorthandAdditions.h */ = {isa = PBXFileReference; fileEncoding = 4; lastKnownFileType = sourcecode.c.h; path = "View+MASShorthandAdditions.h"; sourceTree = "<group>"; };
		E1F7A13E1E20B8A800ABDE49 /* MJArgument.h */ = {isa = PBXFileReference; fileEncoding = 4; lastKnownFileType = sourcecode.c.h; path = MJArgument.h; sourceTree = "<group>"; };
		E1F7A13F1E20B8A800ABDE49 /* MJArgument.m */ = {isa = PBXFileReference; fileEncoding = 4; lastKnownFileType = sourcecode.c.objc; path = MJArgument.m; sourceTree = "<group>"; };
		E1F7A1401E20B8A800ABDE49 /* MJConst.h */ = {isa = PBXFileReference; fileEncoding = 4; lastKnownFileType = sourcecode.c.h; path = MJConst.h; sourceTree = "<group>"; };
		E1F7A1411E20B8A800ABDE49 /* MJConst.m */ = {isa = PBXFileReference; fileEncoding = 4; lastKnownFileType = sourcecode.c.objc; path = MJConst.m; sourceTree = "<group>"; };
		E1F7A1421E20B8A800ABDE49 /* MJExtension.h */ = {isa = PBXFileReference; fileEncoding = 4; lastKnownFileType = sourcecode.c.h; path = MJExtension.h; sourceTree = "<group>"; };
		E1F7A1431E20B8A800ABDE49 /* MJFoundation.h */ = {isa = PBXFileReference; fileEncoding = 4; lastKnownFileType = sourcecode.c.h; path = MJFoundation.h; sourceTree = "<group>"; };
		E1F7A1441E20B8A800ABDE49 /* MJFoundation.m */ = {isa = PBXFileReference; fileEncoding = 4; lastKnownFileType = sourcecode.c.objc; path = MJFoundation.m; sourceTree = "<group>"; };
		E1F7A1451E20B8A800ABDE49 /* MJIvar.h */ = {isa = PBXFileReference; fileEncoding = 4; lastKnownFileType = sourcecode.c.h; path = MJIvar.h; sourceTree = "<group>"; };
		E1F7A1461E20B8A800ABDE49 /* MJIvar.m */ = {isa = PBXFileReference; fileEncoding = 4; lastKnownFileType = sourcecode.c.objc; path = MJIvar.m; sourceTree = "<group>"; };
		E1F7A1471E20B8A800ABDE49 /* MJMember.h */ = {isa = PBXFileReference; fileEncoding = 4; lastKnownFileType = sourcecode.c.h; path = MJMember.h; sourceTree = "<group>"; };
		E1F7A1481E20B8A800ABDE49 /* MJMember.m */ = {isa = PBXFileReference; fileEncoding = 4; lastKnownFileType = sourcecode.c.objc; path = MJMember.m; sourceTree = "<group>"; };
		E1F7A1491E20B8A800ABDE49 /* MJMethod.h */ = {isa = PBXFileReference; fileEncoding = 4; lastKnownFileType = sourcecode.c.h; path = MJMethod.h; sourceTree = "<group>"; };
		E1F7A14A1E20B8A800ABDE49 /* MJMethod.m */ = {isa = PBXFileReference; fileEncoding = 4; lastKnownFileType = sourcecode.c.objc; path = MJMethod.m; sourceTree = "<group>"; };
		E1F7A14B1E20B8A800ABDE49 /* MJType.h */ = {isa = PBXFileReference; fileEncoding = 4; lastKnownFileType = sourcecode.c.h; path = MJType.h; sourceTree = "<group>"; };
		E1F7A14C1E20B8A800ABDE49 /* MJType.m */ = {isa = PBXFileReference; fileEncoding = 4; lastKnownFileType = sourcecode.c.objc; path = MJType.m; sourceTree = "<group>"; };
		E1F7A14D1E20B8A800ABDE49 /* MJTypeEncoding.h */ = {isa = PBXFileReference; fileEncoding = 4; lastKnownFileType = sourcecode.c.h; path = MJTypeEncoding.h; sourceTree = "<group>"; };
		E1F7A14E1E20B8A800ABDE49 /* MJTypeEncoding.m */ = {isa = PBXFileReference; fileEncoding = 4; lastKnownFileType = sourcecode.c.objc; path = MJTypeEncoding.m; sourceTree = "<group>"; };
		E1F7A14F1E20B8A800ABDE49 /* NSObject+MJCoding.h */ = {isa = PBXFileReference; fileEncoding = 4; lastKnownFileType = sourcecode.c.h; path = "NSObject+MJCoding.h"; sourceTree = "<group>"; };
		E1F7A1501E20B8A800ABDE49 /* NSObject+MJCoding.m */ = {isa = PBXFileReference; fileEncoding = 4; lastKnownFileType = sourcecode.c.objc; path = "NSObject+MJCoding.m"; sourceTree = "<group>"; };
		E1F7A1511E20B8A800ABDE49 /* NSObject+MJKeyValue.h */ = {isa = PBXFileReference; fileEncoding = 4; lastKnownFileType = sourcecode.c.h; path = "NSObject+MJKeyValue.h"; sourceTree = "<group>"; };
		E1F7A1521E20B8A800ABDE49 /* NSObject+MJKeyValue.m */ = {isa = PBXFileReference; fileEncoding = 4; lastKnownFileType = sourcecode.c.objc; path = "NSObject+MJKeyValue.m"; sourceTree = "<group>"; };
		E1F7A1531E20B8A800ABDE49 /* NSObject+MJMember.h */ = {isa = PBXFileReference; fileEncoding = 4; lastKnownFileType = sourcecode.c.h; path = "NSObject+MJMember.h"; sourceTree = "<group>"; };
		E1F7A1541E20B8A800ABDE49 /* NSObject+MJMember.m */ = {isa = PBXFileReference; fileEncoding = 4; lastKnownFileType = sourcecode.c.objc; path = "NSObject+MJMember.m"; sourceTree = "<group>"; };
		E1F7A16A1E20B92A00ABDE49 /* DKHomeModelTool.h */ = {isa = PBXFileReference; fileEncoding = 4; lastKnownFileType = sourcecode.c.h; path = DKHomeModelTool.h; sourceTree = "<group>"; };
		E1F7A16B1E20B92A00ABDE49 /* DKHomeModelTool.m */ = {isa = PBXFileReference; fileEncoding = 4; lastKnownFileType = sourcecode.c.objc; path = DKHomeModelTool.m; sourceTree = "<group>"; };
		E1F7A16D1E20D67F00ABDE49 /* DKHomeMainTableViewCell.h */ = {isa = PBXFileReference; fileEncoding = 4; lastKnownFileType = sourcecode.c.h; path = DKHomeMainTableViewCell.h; sourceTree = "<group>"; };
		E1F7A16E1E20D67F00ABDE49 /* DKHomeMainTableViewCell.m */ = {isa = PBXFileReference; fileEncoding = 4; lastKnownFileType = sourcecode.c.objc; path = DKHomeMainTableViewCell.m; sourceTree = "<group>"; };
		E1F7A1701E20D68A00ABDE49 /* DKHomeSubTableViewCell.h */ = {isa = PBXFileReference; fileEncoding = 4; lastKnownFileType = sourcecode.c.h; path = DKHomeSubTableViewCell.h; sourceTree = "<group>"; };
		E1F7A1711E20D68A00ABDE49 /* DKHomeSubTableViewCell.m */ = {isa = PBXFileReference; fileEncoding = 4; lastKnownFileType = sourcecode.c.objc; path = DKHomeSubTableViewCell.m; sourceTree = "<group>"; };
		E1F7A1731E20DD9400ABDE49 /* DKHomeAddressViewController.h */ = {isa = PBXFileReference; fileEncoding = 4; lastKnownFileType = sourcecode.c.h; path = DKHomeAddressViewController.h; sourceTree = "<group>"; };
		E1F7A1741E20DD9400ABDE49 /* DKHomeAddressViewController.m */ = {isa = PBXFileReference; fileEncoding = 4; lastKnownFileType = sourcecode.c.objc; path = DKHomeAddressViewController.m; sourceTree = "<group>"; };
		E1F7A1761E20DE4900ABDE49 /* DKHomeAddressViewController.xib */ = {isa = PBXFileReference; fileEncoding = 4; lastKnownFileType = file.xib; path = DKHomeAddressViewController.xib; sourceTree = "<group>"; };
		E1F7A1781E20E73400ABDE49 /* DKHomeCityViewController.h */ = {isa = PBXFileReference; fileEncoding = 4; lastKnownFileType = sourcecode.c.h; path = DKHomeCityViewController.h; sourceTree = "<group>"; };
		E1F7A1791E20E73400ABDE49 /* DKHomeCityViewController.m */ = {isa = PBXFileReference; fileEncoding = 4; lastKnownFileType = sourcecode.c.objc; path = DKHomeCityViewController.m; sourceTree = "<group>"; };
		E1F7A17A1E20E73400ABDE49 /* DKHomeCityViewController.xib */ = {isa = PBXFileReference; fileEncoding = 4; lastKnownFileType = file.xib; path = DKHomeCityViewController.xib; sourceTree = "<group>"; };
		E1F7A17F1E20F1C800ABDE49 /* DKCityModel.h */ = {isa = PBXFileReference; fileEncoding = 4; lastKnownFileType = sourcecode.c.h; path = DKCityModel.h; sourceTree = "<group>"; };
		E1F7A1801E20F1C800ABDE49 /* DKCityModel.m */ = {isa = PBXFileReference; fileEncoding = 4; lastKnownFileType = sourcecode.c.objc; path = DKCityModel.m; sourceTree = "<group>"; };
		E1F7A1821E20F2BE00ABDE49 /* DKCityRegion.h */ = {isa = PBXFileReference; fileEncoding = 4; lastKnownFileType = sourcecode.c.h; path = DKCityRegion.h; sourceTree = "<group>"; };
		E1F7A1831E20F2BE00ABDE49 /* DKCityRegion.m */ = {isa = PBXFileReference; fileEncoding = 4; lastKnownFileType = sourcecode.c.objc; path = DKCityRegion.m; sourceTree = "<group>"; };
		E1F7A1851E20FA3800ABDE49 /* DKCityGroupModel.h */ = {isa = PBXFileReference; fileEncoding = 4; lastKnownFileType = sourcecode.c.h; path = DKCityGroupModel.h; sourceTree = "<group>"; };
		E1F7A1861E20FA3800ABDE49 /* DKCityGroupModel.m */ = {isa = PBXFileReference; fileEncoding = 4; lastKnownFileType = sourcecode.c.objc; path = DKCityGroupModel.m; sourceTree = "<group>"; };
		E1F7A1881E21179B00ABDE49 /* DKHomeSearchResultTableViewController.h */ = {isa = PBXFileReference; fileEncoding = 4; lastKnownFileType = sourcecode.c.h; path = DKHomeSearchResultTableViewController.h; sourceTree = "<group>"; };
		E1F7A1891E21179B00ABDE49 /* DKHomeSearchResultTableViewController.m */ = {isa = PBXFileReference; fileEncoding = 4; lastKnownFileType = sourcecode.c.objc; path = DKHomeSearchResultTableViewController.m; sourceTree = "<group>"; };
		E1F7A18B1E2119C400ABDE49 /* Foundation+Log.m */ = {isa = PBXFileReference; fileEncoding = 4; lastKnownFileType = sourcecode.c.objc; path = "Foundation+Log.m"; sourceTree = "<group>"; };
		E1F7A18C1E2119C400ABDE49 /* UIView+AutoLayout.h */ = {isa = PBXFileReference; fileEncoding = 4; lastKnownFileType = sourcecode.c.h; path = "UIView+AutoLayout.h"; sourceTree = "<group>"; };
		E1F7A18D1E2119C400ABDE49 /* UIView+AutoLayout.m */ = {isa = PBXFileReference; fileEncoding = 4; lastKnownFileType = sourcecode.c.objc; path = "UIView+AutoLayout.m"; sourceTree = "<group>"; };
/* End PBXFileReference section */

/* Begin PBXFrameworksBuildPhase section */
		E1D0EB201E1B7E86000C9541 /* Frameworks */ = {
			isa = PBXFrameworksBuildPhase;
			buildActionMask = 2147483647;
			files = (
			);
			runOnlyForDeploymentPostprocessing = 0;
		};
/* End PBXFrameworksBuildPhase section */

/* Begin PBXGroup section */
		E106229E1E1CD7BD0082221F /* common */ = {
			isa = PBXGroup;
			children = (
				E106229F1E1CD7CC0082221F /* DKConst.h */,
				E10622A01E1CD7CC0082221F /* DKConst.m */,
				E10622A61E1CEC250082221F /* Extension */,
			);
			name = common;
			sourceTree = "<group>";
		};
		E10622A61E1CEC250082221F /* Extension */ = {
			isa = PBXGroup;
			children = (
				E1F7A18B1E2119C400ABDE49 /* Foundation+Log.m */,
				E1F7A18C1E2119C400ABDE49 /* UIView+AutoLayout.h */,
				E1F7A18D1E2119C400ABDE49 /* UIView+AutoLayout.m */,
				E10622A71E1CEC840082221F /* UIView+Extension.h */,
				E10622A81E1CEC840082221F /* UIView+Extension.m */,
				E10622A31E1CEC200082221F /* UIBarButtonItem+Extension.h */,
				E10622A41E1CEC200082221F /* UIBarButtonItem+Extension.m */,
			);
			name = Extension;
			sourceTree = "<group>";
		};
		E1D0EB1A1E1B7E86000C9541 = {
			isa = PBXGroup;
			children = (
				E1D0EB251E1B7E87000C9541 /* DKMeituanHD */,
				E1D0EB241E1B7E87000C9541 /* Products */,
			);
			sourceTree = "<group>";
		};
		E1D0EB241E1B7E87000C9541 /* Products */ = {
			isa = PBXGroup;
			children = (
				E1D0EB231E1B7E87000C9541 /* DKMeituanHD.app */,
			);
			name = Products;
			sourceTree = "<group>";
		};
		E1D0EB251E1B7E87000C9541 /* DKMeituanHD */ = {
			isa = PBXGroup;
			children = (
				E1F7A1241E20B88900ABDE49 /* Lib */,
				E1F4FA151E1E3F9800DBB3A3 /* Home */,
				E106229E1E1CD7BD0082221F /* common */,
				E1D0EB261E1B7E87000C9541 /* Supporting Files */,
			);
			path = DKMeituanHD;
			sourceTree = "<group>";
		};
		E1D0EB261E1B7E87000C9541 /* Supporting Files */ = {
			isa = PBXGroup;
			children = (
				E1F7A1161E20B55300ABDE49 /* res */,
				E1D0EB291E1B7E87000C9541 /* AppDelegate.h */,
				E1D0EB2A1E1B7E87000C9541 /* AppDelegate.m */,
				E1D0EB2C1E1B7E87000C9541 /* ViewController.h */,
				E1D0EB2D1E1B7E87000C9541 /* ViewController.m */,
				E1D0EB321E1B7E87000C9541 /* Assets.xcassets */,
				E1D0EB371E1B7E87000C9541 /* Info.plist */,
				E1D0EB271E1B7E87000C9541 /* main.m */,
			);
			name = "Supporting Files";
			sourceTree = "<group>";
		};
		E1D0EB3D1E1B81C9000C9541 /* Control */ = {
			isa = PBXGroup;
			children = (
				E1D0EB3E1E1BA1CA000C9541 /* DKHomeCollectionViewController.h */,
				E1D0EB3F1E1BA1CA000C9541 /* DKHomeCollectionViewController.m */,
				E1F7A1131E20AF2800ABDE49 /* DKCategoryViewController.h */,
				E1F7A1881E21179B00ABDE49 /* DKHomeSearchResultTableViewController.h */,
				E1A8FC4B1E2244B800D02AAA /* DKHomeSortViewController.h */,
				E1A8FC4C1E2244B800D02AAA /* DKHomeSortViewController.m */,
				E1F7A1891E21179B00ABDE49 /* DKHomeSearchResultTableViewController.m */,
				E1F7A1781E20E73400ABDE49 /* DKHomeCityViewController.h */,
				E1F7A1791E20E73400ABDE49 /* DKHomeCityViewController.m */,
				E1F7A17A1E20E73400ABDE49 /* DKHomeCityViewController.xib */,
				E1F7A1141E20AF2800ABDE49 /* DKCategoryViewController.m */,
				E1F7A1731E20DD9400ABDE49 /* DKHomeAddressViewController.h */,
				E1F7A1761E20DE4900ABDE49 /* DKHomeAddressViewController.xib */,
				E1F7A1741E20DD9400ABDE49 /* DKHomeAddressViewController.m */,
				E106229B1E1CD1C50082221F /* DKNavigationViewController.h */,
				E106229C1E1CD1C50082221F /* DKNavigationViewController.m */,
			);
			name = Control;
			sourceTree = "<group>";
		};
		E1F4FA141E1E3F8E00DBB3A3 /* View */ = {
			isa = PBXGroup;
			children = (
				E1F4FA161E1E3FD800DBB3A3 /* DKHomeTopItem.h */,
				E1F4FA171E1E3FD800DBB3A3 /* DKHomeTopItem.m */,
				E1F7A16D1E20D67F00ABDE49 /* DKHomeMainTableViewCell.h */,
				E1F7A16E1E20D67F00ABDE49 /* DKHomeMainTableViewCell.m */,
				E1F7A1701E20D68A00ABDE49 /* DKHomeSubTableViewCell.h */,
				E1A8FC4E1E224EF900D02AAA /* DKHomeSortButton.h */,
				E1A8FC4F1E224EF900D02AAA /* DKHomeSortButton.m */,
				E1F7A1711E20D68A00ABDE49 /* DKHomeSubTableViewCell.m */,
				E1F7A10E1E20A31400ABDE49 /* DKHomeDropdownView.h */,
				E1F7A1111E20A36800ABDE49 /* DKHomeDropdownView.xib */,
				E1F7A10F1E20A31400ABDE49 /* DKHomeDropdownView.m */,
				E1F4FA191E1E400E00DBB3A3 /* DKHomeTopItem.xib */,
			);
			name = View;
			sourceTree = "<group>";
		};
		E1F4FA151E1E3F9800DBB3A3 /* Home */ = {
			isa = PBXGroup;
			children = (
				E1F7A1691E20B91200ABDE49 /* tool */,
				E1F7A1201E20B62D00ABDE49 /* Model */,
				E1F4FA141E1E3F8E00DBB3A3 /* View */,
				E1D0EB3D1E1B81C9000C9541 /* Control */,
			);
			name = Home;
			sourceTree = "<group>";
		};
		E1F7A1161E20B55300ABDE49 /* res */ = {
			isa = PBXGroup;
			children = (
				E1F7A1171E20B55C00ABDE49 /* Plist */,
			);
			name = res;
			sourceTree = "<group>";
		};
		E1F7A1171E20B55C00ABDE49 /* Plist */ = {
			isa = PBXGroup;
			children = (
				E1F7A1181E20B55C00ABDE49 /* categories.plist */,
				E1F7A1191E20B55C00ABDE49 /* cities.plist */,
				E1F7A11A1E20B55C00ABDE49 /* cityGroups.plist */,
				E1F7A11B1E20B55C00ABDE49 /* sorts.plist */,
			);
			path = Plist;
			sourceTree = "<group>";
		};
		E1F7A1201E20B62D00ABDE49 /* Model */ = {
			isa = PBXGroup;
			children = (
				E1F7A1211E20B65700ABDE49 /* DKCategoryModel.h */,
				E1F7A17F1E20F1C800ABDE49 /* DKCityModel.h */,
				E1A8FC481E2243B900D02AAA /* DKHomeSortModel.h */,
				E1A8FC491E2243B900D02AAA /* DKHomeSortModel.m */,
				E1F7A1801E20F1C800ABDE49 /* DKCityModel.m */,
				E1F7A1821E20F2BE00ABDE49 /* DKCityRegion.h */,
				E1F7A1851E20FA3800ABDE49 /* DKCityGroupModel.h */,
				E1F7A1861E20FA3800ABDE49 /* DKCityGroupModel.m */,
				E1F7A1831E20F2BE00ABDE49 /* DKCityRegion.m */,
				E1F7A1221E20B65700ABDE49 /* DKCategoryModel.m */,
			);
			name = Model;
			sourceTree = "<group>";
		};
		E1F7A1241E20B88900ABDE49 /* Lib */ = {
			isa = PBXGroup;
			children = (
				E1F7A1251E20B8A800ABDE49 /* Masonry */,
				E1F7A13D1E20B8A800ABDE49 /* MJExtension */,
			);
			name = Lib;
			sourceTree = "<group>";
		};
		E1F7A1251E20B8A800ABDE49 /* Masonry */ = {
			isa = PBXGroup;
			children = (
				E1F7A1261E20B8A800ABDE49 /* MASCompositeConstraint.h */,
				E1F7A1271E20B8A800ABDE49 /* MASCompositeConstraint.m */,
				E1F7A1281E20B8A800ABDE49 /* MASConstraint+Private.h */,
				E1F7A1291E20B8A800ABDE49 /* MASConstraint.h */,
				E1F7A12A1E20B8A800ABDE49 /* MASConstraint.m */,
				E1F7A12B1E20B8A800ABDE49 /* MASConstraintMaker.h */,
				E1F7A12C1E20B8A800ABDE49 /* MASConstraintMaker.m */,
				E1F7A12D1E20B8A800ABDE49 /* MASLayoutConstraint.h */,
				E1F7A12E1E20B8A800ABDE49 /* MASLayoutConstraint.m */,
				E1F7A12F1E20B8A800ABDE49 /* Masonry.h */,
				E1F7A1301E20B8A800ABDE49 /* MASUtilities.h */,
				E1F7A1311E20B8A800ABDE49 /* MASViewAttribute.h */,
				E1F7A1321E20B8A800ABDE49 /* MASViewAttribute.m */,
				E1F7A1331E20B8A800ABDE49 /* MASViewConstraint.h */,
				E1F7A1341E20B8A800ABDE49 /* MASViewConstraint.m */,
				E1F7A1351E20B8A800ABDE49 /* NSArray+MASAdditions.h */,
				E1F7A1361E20B8A800ABDE49 /* NSArray+MASAdditions.m */,
				E1F7A1371E20B8A800ABDE49 /* NSArray+MASShorthandAdditions.h */,
				E1F7A1381E20B8A800ABDE49 /* NSLayoutConstraint+MASDebugAdditions.h */,
				E1F7A1391E20B8A800ABDE49 /* NSLayoutConstraint+MASDebugAdditions.m */,
				E1F7A13A1E20B8A800ABDE49 /* View+MASAdditions.h */,
				E1F7A13B1E20B8A800ABDE49 /* View+MASAdditions.m */,
				E1F7A13C1E20B8A800ABDE49 /* View+MASShorthandAdditions.h */,
			);
			path = Masonry;
			sourceTree = "<group>";
		};
		E1F7A13D1E20B8A800ABDE49 /* MJExtension */ = {
			isa = PBXGroup;
			children = (
				E1F7A13E1E20B8A800ABDE49 /* MJArgument.h */,
				E1F7A13F1E20B8A800ABDE49 /* MJArgument.m */,
				E1F7A1401E20B8A800ABDE49 /* MJConst.h */,
				E1F7A1411E20B8A800ABDE49 /* MJConst.m */,
				E1F7A1421E20B8A800ABDE49 /* MJExtension.h */,
				E1F7A1431E20B8A800ABDE49 /* MJFoundation.h */,
				E1F7A1441E20B8A800ABDE49 /* MJFoundation.m */,
				E1F7A1451E20B8A800ABDE49 /* MJIvar.h */,
				E1F7A1461E20B8A800ABDE49 /* MJIvar.m */,
				E1F7A1471E20B8A800ABDE49 /* MJMember.h */,
				E1F7A1481E20B8A800ABDE49 /* MJMember.m */,
				E1F7A1491E20B8A800ABDE49 /* MJMethod.h */,
				E1F7A14A1E20B8A800ABDE49 /* MJMethod.m */,
				E1F7A14B1E20B8A800ABDE49 /* MJType.h */,
				E1F7A14C1E20B8A800ABDE49 /* MJType.m */,
				E1F7A14D1E20B8A800ABDE49 /* MJTypeEncoding.h */,
				E1F7A14E1E20B8A800ABDE49 /* MJTypeEncoding.m */,
				E1F7A14F1E20B8A800ABDE49 /* NSObject+MJCoding.h */,
				E1F7A1501E20B8A800ABDE49 /* NSObject+MJCoding.m */,
				E1F7A1511E20B8A800ABDE49 /* NSObject+MJKeyValue.h */,
				E1F7A1521E20B8A800ABDE49 /* NSObject+MJKeyValue.m */,
				E1F7A1531E20B8A800ABDE49 /* NSObject+MJMember.h */,
				E1F7A1541E20B8A800ABDE49 /* NSObject+MJMember.m */,
			);
			path = MJExtension;
			sourceTree = "<group>";
		};
		E1F7A1691E20B91200ABDE49 /* tool */ = {
			isa = PBXGroup;
			children = (
				E1F7A16A1E20B92A00ABDE49 /* DKHomeModelTool.h */,
				E1F7A16B1E20B92A00ABDE49 /* DKHomeModelTool.m */,
			);
			name = tool;
			sourceTree = "<group>";
		};
/* End PBXGroup section */

/* Begin PBXNativeTarget section */
		E1D0EB221E1B7E86000C9541 /* DKMeituanHD */ = {
			isa = PBXNativeTarget;
			buildConfigurationList = E1D0EB3A1E1B7E87000C9541 /* Build configuration list for PBXNativeTarget "DKMeituanHD" */;
			buildPhases = (
				E1D0EB1F1E1B7E86000C9541 /* Sources */,
				E1D0EB201E1B7E86000C9541 /* Frameworks */,
				E1D0EB211E1B7E86000C9541 /* Resources */,
			);
			buildRules = (
			);
			dependencies = (
			);
			name = DKMeituanHD;
			productName = DKMeituanHD;
			productReference = E1D0EB231E1B7E87000C9541 /* DKMeituanHD.app */;
			productType = "com.apple.product-type.application";
		};
/* End PBXNativeTarget section */

/* Begin PBXProject section */
		E1D0EB1B1E1B7E86000C9541 /* Project object */ = {
			isa = PBXProject;
			attributes = {
				CLASSPREFIX = DK;
				LastUpgradeCheck = 0800;
				ORGANIZATIONNAME = hisun;
				TargetAttributes = {
					E1D0EB221E1B7E86000C9541 = {
						CreatedOnToolsVersion = 8.0;
						DevelopmentTeam = FUV5KWMMAV;
						ProvisioningStyle = Automatic;
					};
				};
			};
			buildConfigurationList = E1D0EB1E1E1B7E86000C9541 /* Build configuration list for PBXProject "DKMeituanHD" */;
			compatibilityVersion = "Xcode 3.2";
			developmentRegion = English;
			hasScannedForEncodings = 0;
			knownRegions = (
				en,
				Base,
			);
			mainGroup = E1D0EB1A1E1B7E86000C9541;
			productRefGroup = E1D0EB241E1B7E87000C9541 /* Products */;
			projectDirPath = "";
			projectRoot = "";
			targets = (
				E1D0EB221E1B7E86000C9541 /* DKMeituanHD */,
			);
		};
/* End PBXProject section */

/* Begin PBXResourcesBuildPhase section */
		E1D0EB211E1B7E86000C9541 /* Resources */ = {
			isa = PBXResourcesBuildPhase;
			buildActionMask = 2147483647;
			files = (
				E1F7A11C1E20B55C00ABDE49 /* categories.plist in Resources */,
				E1F7A17C1E20E73400ABDE49 /* DKHomeCityViewController.xib in Resources */,
				E1F4FA1A1E1E400E00DBB3A3 /* DKHomeTopItem.xib in Resources */,
				E1F7A11F1E20B55C00ABDE49 /* sorts.plist in Resources */,
				E1D0EB331E1B7E87000C9541 /* Assets.xcassets in Resources */,
				E1F7A11D1E20B55C00ABDE49 /* cities.plist in Resources */,
				E1F7A1771E20DE4900ABDE49 /* DKHomeAddressViewController.xib in Resources */,
				E1F7A1121E20A36800ABDE49 /* DKHomeDropdownView.xib in Resources */,
				E1F7A11E1E20B55C00ABDE49 /* cityGroups.plist in Resources */,
			);
			runOnlyForDeploymentPostprocessing = 0;
		};
/* End PBXResourcesBuildPhase section */

/* Begin PBXSourcesBuildPhase section */
		E1D0EB1F1E1B7E86000C9541 /* Sources */ = {
			isa = PBXSourcesBuildPhase;
			buildActionMask = 2147483647;
			files = (
				E1F7A16C1E20B92A00ABDE49 /* DKHomeModelTool.m in Sources */,
				E1F7A1681E20B8A800ABDE49 /* NSObject+MJMember.m in Sources */,
				E1F7A1621E20B8A800ABDE49 /* MJMember.m in Sources */,
				E10622A11E1CD7CC0082221F /* DKConst.m in Sources */,
				E1F7A15B1E20B8A800ABDE49 /* NSArray+MASAdditions.m in Sources */,
				E1A8FC4A1E2243B900D02AAA /* DKHomeSortModel.m in Sources */,
				E1F7A18F1E2119C400ABDE49 /* UIView+AutoLayout.m in Sources */,
				E10622A51E1CEC200082221F /* UIBarButtonItem+Extension.m in Sources */,
				E1F7A1641E20B8A800ABDE49 /* MJType.m in Sources */,
				E1F7A15C1E20B8A800ABDE49 /* NSLayoutConstraint+MASDebugAdditions.m in Sources */,
				E106229D1E1CD1C50082221F /* DKNavigationViewController.m in Sources */,
				E1F4FA181E1E3FD800DBB3A3 /* DKHomeTopItem.m in Sources */,
				E1F7A1591E20B8A800ABDE49 /* MASViewAttribute.m in Sources */,
				E1F7A1581E20B8A800ABDE49 /* MASLayoutConstraint.m in Sources */,
				E1F7A1551E20B8A800ABDE49 /* MASCompositeConstraint.m in Sources */,
				E1F7A1721E20D68A00ABDE49 /* DKHomeSubTableViewCell.m in Sources */,
				E1F7A1671E20B8A800ABDE49 /* NSObject+MJKeyValue.m in Sources */,
				E1D0EB401E1BA1CA000C9541 /* DKHomeCollectionViewController.m in Sources */,
				E1F7A1631E20B8A800ABDE49 /* MJMethod.m in Sources */,
				E1F7A1841E20F2BE00ABDE49 /* DKCityRegion.m in Sources */,
				E1F7A1651E20B8A800ABDE49 /* MJTypeEncoding.m in Sources */,
				E1F7A1871E20FA3800ABDE49 /* DKCityGroupModel.m in Sources */,
				E1F7A1661E20B8A800ABDE49 /* NSObject+MJCoding.m in Sources */,
				E1F7A1611E20B8A800ABDE49 /* MJIvar.m in Sources */,
				E1D0EB2E1E1B7E87000C9541 /* ViewController.m in Sources */,
				E1A8FC4D1E2244B800D02AAA /* DKHomeSortViewController.m in Sources */,
				E1F7A15E1E20B8A800ABDE49 /* MJArgument.m in Sources */,
				E1F7A15A1E20B8A800ABDE49 /* MASViewConstraint.m in Sources */,
				E1F7A18A1E21179B00ABDE49 /* DKHomeSearchResultTableViewController.m in Sources */,
				E1F7A16F1E20D67F00ABDE49 /* DKHomeMainTableViewCell.m in Sources */,
				E1F7A1231E20B65700ABDE49 /* DKCategoryModel.m in Sources */,
				E1F7A15F1E20B8A800ABDE49 /* MJConst.m in Sources */,
				E1F7A18E1E2119C400ABDE49 /* Foundation+Log.m in Sources */,
				E1F7A17B1E20E73400ABDE49 /* DKHomeCityViewController.m in Sources */,
				E1F7A1811E20F1C800ABDE49 /* DKCityModel.m in Sources */,
				E1F7A1601E20B8A800ABDE49 /* MJFoundation.m in Sources */,
				E1D0EB2B1E1B7E87000C9541 /* AppDelegate.m in Sources */,
				E1A8FC501E224EF900D02AAA /* DKHomeSortButton.m in Sources */,
				E1F7A1101E20A31400ABDE49 /* DKHomeDropdownView.m in Sources */,
				E1F7A1751E20DD9400ABDE49 /* DKHomeAddressViewController.m in Sources */,
				E10622A91E1CEC840082221F /* UIView+Extension.m in Sources */,
				E1F7A1571E20B8A800ABDE49 /* MASConstraintMaker.m in Sources */,
				E1F7A1151E20AF2800ABDE49 /* DKCategoryViewController.m in Sources */,
				E1F7A1561E20B8A800ABDE49 /* MASConstraint.m in Sources */,
				E1D0EB281E1B7E87000C9541 /* main.m in Sources */,
				E1F7A15D1E20B8A800ABDE49 /* View+MASAdditions.m in Sources */,
			);
			runOnlyForDeploymentPostprocessing = 0;
		};
/* End PBXSourcesBuildPhase section */

/* Begin XCBuildConfiguration section */
		E1D0EB381E1B7E87000C9541 /* Debug */ = {
			isa = XCBuildConfiguration;
			buildSettings = {
				ALWAYS_SEARCH_USER_PATHS = NO;
				CLANG_ANALYZER_NONNULL = YES;
				CLANG_CXX_LANGUAGE_STANDARD = "gnu++0x";
				CLANG_CXX_LIBRARY = "libc++";
				CLANG_ENABLE_MODULES = YES;
				CLANG_ENABLE_OBJC_ARC = YES;
				CLANG_WARN_BOOL_CONVERSION = YES;
				CLANG_WARN_CONSTANT_CONVERSION = YES;
				CLANG_WARN_DIRECT_OBJC_ISA_USAGE = YES_ERROR;
				CLANG_WARN_DOCUMENTATION_COMMENTS = YES;
				CLANG_WARN_EMPTY_BODY = YES;
				CLANG_WARN_ENUM_CONVERSION = YES;
				CLANG_WARN_INFINITE_RECURSION = YES;
				CLANG_WARN_INT_CONVERSION = YES;
				CLANG_WARN_OBJC_ROOT_CLASS = YES_ERROR;
				CLANG_WARN_SUSPICIOUS_MOVES = YES;
				CLANG_WARN_UNREACHABLE_CODE = YES;
				CLANG_WARN__DUPLICATE_METHOD_MATCH = YES;
				"CODE_SIGN_IDENTITY[sdk=iphoneos*]" = "iPhone Developer";
				COPY_PHASE_STRIP = NO;
				DEBUG_INFORMATION_FORMAT = dwarf;
				ENABLE_STRICT_OBJC_MSGSEND = YES;
				ENABLE_TESTABILITY = YES;
				GCC_C_LANGUAGE_STANDARD = gnu99;
				GCC_DYNAMIC_NO_PIC = NO;
				GCC_NO_COMMON_BLOCKS = YES;
				GCC_OPTIMIZATION_LEVEL = 0;
				GCC_PREPROCESSOR_DEFINITIONS = (
					"DEBUG=1",
					"$(inherited)",
				);
				GCC_WARN_64_TO_32_BIT_CONVERSION = YES;
				GCC_WARN_ABOUT_RETURN_TYPE = YES_ERROR;
				GCC_WARN_UNDECLARED_SELECTOR = YES;
				GCC_WARN_UNINITIALIZED_AUTOS = YES_AGGRESSIVE;
				GCC_WARN_UNUSED_FUNCTION = YES;
				GCC_WARN_UNUSED_VARIABLE = YES;
				IPHONEOS_DEPLOYMENT_TARGET = 10.0;
				MTL_ENABLE_DEBUG_INFO = YES;
				ONLY_ACTIVE_ARCH = YES;
				SDKROOT = iphoneos;
				TARGETED_DEVICE_FAMILY = 2;
			};
			name = Debug;
		};
		E1D0EB391E1B7E87000C9541 /* Release */ = {
			isa = XCBuildConfiguration;
			buildSettings = {
				ALWAYS_SEARCH_USER_PATHS = NO;
				CLANG_ANALYZER_NONNULL = YES;
				CLANG_CXX_LANGUAGE_STANDARD = "gnu++0x";
				CLANG_CXX_LIBRARY = "libc++";
				CLANG_ENABLE_MODULES = YES;
				CLANG_ENABLE_OBJC_ARC = YES;
				CLANG_WARN_BOOL_CONVERSION = YES;
				CLANG_WARN_CONSTANT_CONVERSION = YES;
				CLANG_WARN_DIRECT_OBJC_ISA_USAGE = YES_ERROR;
				CLANG_WARN_DOCUMENTATION_COMMENTS = YES;
				CLANG_WARN_EMPTY_BODY = YES;
				CLANG_WARN_ENUM_CONVERSION = YES;
				CLANG_WARN_INFINITE_RECURSION = YES;
				CLANG_WARN_INT_CONVERSION = YES;
				CLANG_WARN_OBJC_ROOT_CLASS = YES_ERROR;
				CLANG_WARN_SUSPICIOUS_MOVES = YES;
				CLANG_WARN_UNREACHABLE_CODE = YES;
				CLANG_WARN__DUPLICATE_METHOD_MATCH = YES;
				"CODE_SIGN_IDENTITY[sdk=iphoneos*]" = "iPhone Developer";
				COPY_PHASE_STRIP = NO;
				DEBUG_INFORMATION_FORMAT = "dwarf-with-dsym";
				ENABLE_NS_ASSERTIONS = NO;
				ENABLE_STRICT_OBJC_MSGSEND = YES;
				GCC_C_LANGUAGE_STANDARD = gnu99;
				GCC_NO_COMMON_BLOCKS = YES;
				GCC_WARN_64_TO_32_BIT_CONVERSION = YES;
				GCC_WARN_ABOUT_RETURN_TYPE = YES_ERROR;
				GCC_WARN_UNDECLARED_SELECTOR = YES;
				GCC_WARN_UNINITIALIZED_AUTOS = YES_AGGRESSIVE;
				GCC_WARN_UNUSED_FUNCTION = YES;
				GCC_WARN_UNUSED_VARIABLE = YES;
				IPHONEOS_DEPLOYMENT_TARGET = 10.0;
				MTL_ENABLE_DEBUG_INFO = NO;
				SDKROOT = iphoneos;
				TARGETED_DEVICE_FAMILY = 2;
				VALIDATE_PRODUCT = YES;
			};
			name = Release;
		};
		E1D0EB3B1E1B7E87000C9541 /* Debug */ = {
			isa = XCBuildConfiguration;
			buildSettings = {
				ASSETCATALOG_COMPILER_APPICON_NAME = AppIcon;
				ASSETCATALOG_COMPILER_LAUNCHIMAGE_NAME = "LaunchImage-2";
				DEVELOPMENT_TEAM = FUV5KWMMAV;
				INFOPLIST_FILE = DKMeituanHD/Info.plist;
				LD_RUNPATH_SEARCH_PATHS = "$(inherited) @executable_path/Frameworks";
				PRODUCT_BUNDLE_IDENTIFIER = com.cmcc.DKMeituanHD;
				PRODUCT_NAME = "$(TARGET_NAME)";
			};
			name = Debug;
		};
		E1D0EB3C1E1B7E87000C9541 /* Release */ = {
			isa = XCBuildConfiguration;
			buildSettings = {
				ASSETCATALOG_COMPILER_APPICON_NAME = AppIcon;
				ASSETCATALOG_COMPILER_LAUNCHIMAGE_NAME = "LaunchImage-2";
				DEVELOPMENT_TEAM = FUV5KWMMAV;
				INFOPLIST_FILE = DKMeituanHD/Info.plist;
				LD_RUNPATH_SEARCH_PATHS = "$(inherited) @executable_path/Frameworks";
				PRODUCT_BUNDLE_IDENTIFIER = com.cmcc.DKMeituanHD;
				PRODUCT_NAME = "$(TARGET_NAME)";
			};
			name = Release;
		};
/* End XCBuildConfiguration section */

/* Begin XCConfigurationList section */
		E1D0EB1E1E1B7E86000C9541 /* Build configuration list for PBXProject "DKMeituanHD" */ = {
			isa = XCConfigurationList;
			buildConfigurations = (
				E1D0EB381E1B7E87000C9541 /* Debug */,
				E1D0EB391E1B7E87000C9541 /* Release */,
			);
			defaultConfigurationIsVisible = 0;
			defaultConfigurationName = Release;
		};
		E1D0EB3A1E1B7E87000C9541 /* Build configuration list for PBXNativeTarget "DKMeituanHD" */ = {
			isa = XCConfigurationList;
			buildConfigurations = (
				E1D0EB3B1E1B7E87000C9541 /* Debug */,
				E1D0EB3C1E1B7E87000C9541 /* Release */,
			);
			defaultConfigurationIsVisible = 0;
			defaultConfigurationName = Release;
		};
/* End XCConfigurationList section */
	};
	rootObject = E1D0EB1B1E1B7E86000C9541 /* Project object */;
}
