// !$*UTF8*$!
{
	archiveVersion = 1;
	classes = {
	};
	objectVersion = 46;
	objects = {

/* Begin PBXBuildFile section */
		E104CFBA1E2A3FAA006BD965 /* DKDeal.m in Sources */ = {isa = PBXBuildFile; fileRef = E104CFB91E2A3FAA006BD965 /* DKDeal.m */; };
		E104CFBE1E2A456A006BD965 /* DKDealCell.m in Sources */ = {isa = PBXBuildFile; fileRef = E104CFBC1E2A456A006BD965 /* DKDealCell.m */; };
		E104CFBF1E2A456A006BD965 /* DKDealCell.xib in Resources */ = {isa = PBXBuildFile; fileRef = E104CFBD1E2A456A006BD965 /* DKDealCell.xib */; };
		E104CFE21E2A45FB006BD965 /* MKAnnotationView+WebCache.m in Sources */ = {isa = PBXBuildFile; fileRef = E104CFC21E2A45FB006BD965 /* MKAnnotationView+WebCache.m */; };
		E104CFE31E2A45FB006BD965 /* NSData+ImageContentType.m in Sources */ = {isa = PBXBuildFile; fileRef = E104CFC41E2A45FB006BD965 /* NSData+ImageContentType.m */; };
		E104CFE41E2A45FB006BD965 /* SDImageCache.m in Sources */ = {isa = PBXBuildFile; fileRef = E104CFC61E2A45FB006BD965 /* SDImageCache.m */; };
		E104CFE51E2A45FB006BD965 /* SDWebImageCompat.m in Sources */ = {isa = PBXBuildFile; fileRef = E104CFC81E2A45FB006BD965 /* SDWebImageCompat.m */; };
		E104CFE61E2A45FB006BD965 /* SDWebImageDecoder.m in Sources */ = {isa = PBXBuildFile; fileRef = E104CFCA1E2A45FB006BD965 /* SDWebImageDecoder.m */; };
		E104CFE71E2A45FB006BD965 /* SDWebImageDownloader.m in Sources */ = {isa = PBXBuildFile; fileRef = E104CFCC1E2A45FB006BD965 /* SDWebImageDownloader.m */; };
		E104CFE81E2A45FB006BD965 /* SDWebImageDownloaderOperation.m in Sources */ = {isa = PBXBuildFile; fileRef = E104CFCE1E2A45FB006BD965 /* SDWebImageDownloaderOperation.m */; };
		E104CFE91E2A45FB006BD965 /* SDWebImageManager.m in Sources */ = {isa = PBXBuildFile; fileRef = E104CFD01E2A45FB006BD965 /* SDWebImageManager.m */; };
		E104CFEA1E2A45FB006BD965 /* SDWebImagePrefetcher.m in Sources */ = {isa = PBXBuildFile; fileRef = E104CFD31E2A45FB006BD965 /* SDWebImagePrefetcher.m */; };
		E104CFEB1E2A45FB006BD965 /* UIButton+WebCache.m in Sources */ = {isa = PBXBuildFile; fileRef = E104CFD51E2A45FB006BD965 /* UIButton+WebCache.m */; };
		E104CFEC1E2A45FB006BD965 /* UIImage+GIF.m in Sources */ = {isa = PBXBuildFile; fileRef = E104CFD71E2A45FB006BD965 /* UIImage+GIF.m */; };
		E104CFED1E2A45FB006BD965 /* UIImage+MultiFormat.m in Sources */ = {isa = PBXBuildFile; fileRef = E104CFD91E2A45FB006BD965 /* UIImage+MultiFormat.m */; };
		E104CFEE1E2A45FB006BD965 /* UIImage+WebP.m in Sources */ = {isa = PBXBuildFile; fileRef = E104CFDB1E2A45FB006BD965 /* UIImage+WebP.m */; };
		E104CFEF1E2A45FB006BD965 /* UIImageView+HighlightedWebCache.m in Sources */ = {isa = PBXBuildFile; fileRef = E104CFDD1E2A45FB006BD965 /* UIImageView+HighlightedWebCache.m */; };
		E104CFF01E2A45FB006BD965 /* UIImageView+WebCache.m in Sources */ = {isa = PBXBuildFile; fileRef = E104CFDF1E2A45FB006BD965 /* UIImageView+WebCache.m */; };
		E104CFF11E2A45FB006BD965 /* UIView+WebCacheOperation.m in Sources */ = {isa = PBXBuildFile; fileRef = E104CFE11E2A45FB006BD965 /* UIView+WebCacheOperation.m */; };
		E104CFF81E2A4602006BD965 /* MBProgressHUD+MJ.m in Sources */ = {isa = PBXBuildFile; fileRef = E104CFF41E2A4602006BD965 /* MBProgressHUD+MJ.m */; };
		E104CFF91E2A4602006BD965 /* MBProgressHUD.bundle in Resources */ = {isa = PBXBuildFile; fileRef = E104CFF51E2A4602006BD965 /* MBProgressHUD.bundle */; };
		E104CFFA1E2A4602006BD965 /* MBProgressHUD.m in Sources */ = {isa = PBXBuildFile; fileRef = E104CFF71E2A4602006BD965 /* MBProgressHUD.m */; };
		E104D00C1E2A4609006BD965 /* MJRefresh.bundle in Resources */ = {isa = PBXBuildFile; fileRef = E104CFFC1E2A4609006BD965 /* MJRefresh.bundle */; };
		E104D00D1E2A4609006BD965 /* MJRefreshBaseView.m in Sources */ = {isa = PBXBuildFile; fileRef = E104CFFF1E2A4609006BD965 /* MJRefreshBaseView.m */; };
		E104D00E1E2A4609006BD965 /* MJRefreshConst.m in Sources */ = {isa = PBXBuildFile; fileRef = E104D0011E2A4609006BD965 /* MJRefreshConst.m */; };
		E104D00F1E2A4609006BD965 /* MJRefreshFooterView.m in Sources */ = {isa = PBXBuildFile; fileRef = E104D0031E2A4609006BD965 /* MJRefreshFooterView.m */; };
		E104D0101E2A4609006BD965 /* MJRefreshHeaderView.m in Sources */ = {isa = PBXBuildFile; fileRef = E104D0051E2A4609006BD965 /* MJRefreshHeaderView.m */; };
		E104D0111E2A4609006BD965 /* UIScrollView+MJExtension.m in Sources */ = {isa = PBXBuildFile; fileRef = E104D0071E2A4609006BD965 /* UIScrollView+MJExtension.m */; };
		E104D0121E2A4609006BD965 /* UIScrollView+MJRefresh.m in Sources */ = {isa = PBXBuildFile; fileRef = E104D0091E2A4609006BD965 /* UIScrollView+MJRefresh.m */; };
		E104D0131E2A4609006BD965 /* UIView+MJExtension.m in Sources */ = {isa = PBXBuildFile; fileRef = E104D00B1E2A4609006BD965 /* UIView+MJExtension.m */; };
		E104D0191E2A4619006BD965 /* AwesomeMenu.m in Sources */ = {isa = PBXBuildFile; fileRef = E104D0161E2A4618006BD965 /* AwesomeMenu.m */; };
		E104D01A1E2A4619006BD965 /* AwesomeMenuItem.m in Sources */ = {isa = PBXBuildFile; fileRef = E104D0181E2A4619006BD965 /* AwesomeMenuItem.m */; };
		E106229D1E1CD1C50082221F /* DKNavigationViewController.m in Sources */ = {isa = PBXBuildFile; fileRef = E106229C1E1CD1C50082221F /* DKNavigationViewController.m */; };
		E10622A11E1CD7CC0082221F /* DKConst.m in Sources */ = {isa = PBXBuildFile; fileRef = E10622A01E1CD7CC0082221F /* DKConst.m */; };
		E10622A51E1CEC200082221F /* UIBarButtonItem+Extension.m in Sources */ = {isa = PBXBuildFile; fileRef = E10622A41E1CEC200082221F /* UIBarButtonItem+Extension.m */; };
		E10622A91E1CEC840082221F /* UIView+Extension.m in Sources */ = {isa = PBXBuildFile; fileRef = E10622A81E1CEC840082221F /* UIView+Extension.m */; };
		E15DF2821E30BEEE00D9837F /* MTDetailViewController.m in Sources */ = {isa = PBXBuildFile; fileRef = E15DF2801E30BEEE00D9837F /* MTDetailViewController.m */; };
		E15DF2861E30C06900D9837F /* MTRestrictions.m in Sources */ = {isa = PBXBuildFile; fileRef = E15DF2851E30C06900D9837F /* MTRestrictions.m */; };
		E15DF28D1E30C1C200D9837F /* MTDealTool.m in Sources */ = {isa = PBXBuildFile; fileRef = E15DF28C1E30C1C200D9837F /* MTDealTool.m */; };
		E15DF29A1E30C1F500D9837F /* FMDatabase.m in Sources */ = {isa = PBXBuildFile; fileRef = E15DF2901E30C1F500D9837F /* FMDatabase.m */; };
		E15DF29B1E30C1F500D9837F /* FMDatabaseAdditions.m in Sources */ = {isa = PBXBuildFile; fileRef = E15DF2921E30C1F500D9837F /* FMDatabaseAdditions.m */; };
		E15DF29C1E30C1F500D9837F /* FMDatabasePool.m in Sources */ = {isa = PBXBuildFile; fileRef = E15DF2941E30C1F500D9837F /* FMDatabasePool.m */; };
		E15DF29D1E30C1F500D9837F /* FMDatabaseQueue.m in Sources */ = {isa = PBXBuildFile; fileRef = E15DF2961E30C1F500D9837F /* FMDatabaseQueue.m */; };
		E15DF29E1E30C1F500D9837F /* FMResultSet.m in Sources */ = {isa = PBXBuildFile; fileRef = E15DF2991E30C1F500D9837F /* FMResultSet.m */; };
		E16BBF7E1E30C35B00B59BF5 /* libsqlite3.0.tbd in Frameworks */ = {isa = PBXBuildFile; fileRef = E16BBF7D1E30C35B00B59BF5 /* libsqlite3.0.tbd */; };
		E1A8FC4A1E2243B900D02AAA /* DKHomeSortModel.m in Sources */ = {isa = PBXBuildFile; fileRef = E1A8FC491E2243B900D02AAA /* DKHomeSortModel.m */; };
		E1A8FC4D1E2244B800D02AAA /* DKHomeSortViewController.m in Sources */ = {isa = PBXBuildFile; fileRef = E1A8FC4C1E2244B800D02AAA /* DKHomeSortViewController.m */; };
		E1A8FC501E224EF900D02AAA /* DKHomeSortButton.m in Sources */ = {isa = PBXBuildFile; fileRef = E1A8FC4F1E224EF900D02AAA /* DKHomeSortButton.m */; };
		E1A8FC571E227BD300D02AAA /* DPAPI.m in Sources */ = {isa = PBXBuildFile; fileRef = E1A8FC531E227BD300D02AAA /* DPAPI.m */; };
		E1A8FC581E227BD300D02AAA /* DPRequest.m in Sources */ = {isa = PBXBuildFile; fileRef = E1A8FC561E227BD300D02AAA /* DPRequest.m */; };
		E1D0EB281E1B7E87000C9541 /* main.m in Sources */ = {isa = PBXBuildFile; fileRef = E1D0EB271E1B7E87000C9541 /* main.m */; };
		E1D0EB2B1E1B7E87000C9541 /* AppDelegate.m in Sources */ = {isa = PBXBuildFile; fileRef = E1D0EB2A1E1B7E87000C9541 /* AppDelegate.m */; };
		E1D0EB2E1E1B7E87000C9541 /* ViewController.m in Sources */ = {isa = PBXBuildFile; fileRef = E1D0EB2D1E1B7E87000C9541 /* ViewController.m */; };
		E1D0EB331E1B7E87000C9541 /* Assets.xcassets in Resources */ = {isa = PBXBuildFile; fileRef = E1D0EB321E1B7E87000C9541 /* Assets.xcassets */; };
		E1D0EB401E1BA1CA000C9541 /* DKHomeCollectionViewController.m in Sources */ = {isa = PBXBuildFile; fileRef = E1D0EB3F1E1BA1CA000C9541 /* DKHomeCollectionViewController.m */; };
		E1F0242A1E2B1581007E801F /* DKCenterLineLabel.m in Sources */ = {isa = PBXBuildFile; fileRef = E1F024291E2B1581007E801F /* DKCenterLineLabel.m */; };
		E1F0242E1E2B6A0A007E801F /* DKSearchCollectionViewController.m in Sources */ = {isa = PBXBuildFile; fileRef = E1F0242D1E2B6A0A007E801F /* DKSearchCollectionViewController.m */; };
		E1F024361E2B7287007E801F /* DKDealsCollectionViewController.m in Sources */ = {isa = PBXBuildFile; fileRef = E1F024351E2B7287007E801F /* DKDealsCollectionViewController.m */; };
		E1F0243C1E2B9D95007E801F /* DKCollectCollectionViewController.m in Sources */ = {isa = PBXBuildFile; fileRef = E1F0243B1E2B9D95007E801F /* DKCollectCollectionViewController.m */; };
		E1F024401E2B9DA8007E801F /* DKRecentCollectionViewController.m in Sources */ = {isa = PBXBuildFile; fileRef = E1F0243F1E2B9DA8007E801F /* DKRecentCollectionViewController.m */; };
		E1F4FA181E1E3FD800DBB3A3 /* DKHomeTopItem.m in Sources */ = {isa = PBXBuildFile; fileRef = E1F4FA171E1E3FD800DBB3A3 /* DKHomeTopItem.m */; };
		E1F4FA1A1E1E400E00DBB3A3 /* DKHomeTopItem.xib in Resources */ = {isa = PBXBuildFile; fileRef = E1F4FA191E1E400E00DBB3A3 /* DKHomeTopItem.xib */; };
		E1F7A1101E20A31400ABDE49 /* DKHomeDropdownView.m in Sources */ = {isa = PBXBuildFile; fileRef = E1F7A10F1E20A31400ABDE49 /* DKHomeDropdownView.m */; };
		E1F7A1121E20A36800ABDE49 /* DKHomeDropdownView.xib in Resources */ = {isa = PBXBuildFile; fileRef = E1F7A1111E20A36800ABDE49 /* DKHomeDropdownView.xib */; };
		E1F7A1151E20AF2800ABDE49 /* DKCategoryViewController.m in Sources */ = {isa = PBXBuildFile; fileRef = E1F7A1141E20AF2800ABDE49 /* DKCategoryViewController.m */; };
		E1F7A11C1E20B55C00ABDE49 /* categories.plist in Resources */ = {isa = PBXBuildFile; fileRef = E1F7A1181E20B55C00ABDE49 /* categories.plist */; };
		E1F7A11D1E20B55C00ABDE49 /* cities.plist in Resources */ = {isa = PBXBuildFile; fileRef = E1F7A1191E20B55C00ABDE49 /* cities.plist */; };
		E1F7A11E1E20B55C00ABDE49 /* cityGroups.plist in Resources */ = {isa = PBXBuildFile; fileRef = E1F7A11A1E20B55C00ABDE49 /* cityGroups.plist */; };
		E1F7A11F1E20B55C00ABDE49 /* sorts.plist in Resources */ = {isa = PBXBuildFile; fileRef = E1F7A11B1E20B55C00ABDE49 /* sorts.plist */; };
		E1F7A1231E20B65700ABDE49 /* DKCategoryModel.m in Sources */ = {isa = PBXBuildFile; fileRef = E1F7A1221E20B65700ABDE49 /* DKCategoryModel.m */; };
		E1F7A1551E20B8A800ABDE49 /* MASCompositeConstraint.m in Sources */ = {isa = PBXBuildFile; fileRef = E1F7A1271E20B8A800ABDE49 /* MASCompositeConstraint.m */; };
		E1F7A1561E20B8A800ABDE49 /* MASConstraint.m in Sources */ = {isa = PBXBuildFile; fileRef = E1F7A12A1E20B8A800ABDE49 /* MASConstraint.m */; };
		E1F7A1571E20B8A800ABDE49 /* MASConstraintMaker.m in Sources */ = {isa = PBXBuildFile; fileRef = E1F7A12C1E20B8A800ABDE49 /* MASConstraintMaker.m */; };
		E1F7A1581E20B8A800ABDE49 /* MASLayoutConstraint.m in Sources */ = {isa = PBXBuildFile; fileRef = E1F7A12E1E20B8A800ABDE49 /* MASLayoutConstraint.m */; };
		E1F7A1591E20B8A800ABDE49 /* MASViewAttribute.m in Sources */ = {isa = PBXBuildFile; fileRef = E1F7A1321E20B8A800ABDE49 /* MASViewAttribute.m */; };
		E1F7A15A1E20B8A800ABDE49 /* MASViewConstraint.m in Sources */ = {isa = PBXBuildFile; fileRef = E1F7A1341E20B8A800ABDE49 /* MASViewConstraint.m */; };
		E1F7A15B1E20B8A800ABDE49 /* NSArray+MASAdditions.m in Sources */ = {isa = PBXBuildFile; fileRef = E1F7A1361E20B8A800ABDE49 /* NSArray+MASAdditions.m */; };
		E1F7A15C1E20B8A800ABDE49 /* NSLayoutConstraint+MASDebugAdditions.m in Sources */ = {isa = PBXBuildFile; fileRef = E1F7A1391E20B8A800ABDE49 /* NSLayoutConstraint+MASDebugAdditions.m */; };
		E1F7A15D1E20B8A800ABDE49 /* View+MASAdditions.m in Sources */ = {isa = PBXBuildFile; fileRef = E1F7A13B1E20B8A800ABDE49 /* View+MASAdditions.m */; };
		E1F7A15E1E20B8A800ABDE49 /* MJArgument.m in Sources */ = {isa = PBXBuildFile; fileRef = E1F7A13F1E20B8A800ABDE49 /* MJArgument.m */; };
		E1F7A15F1E20B8A800ABDE49 /* MJConst.m in Sources */ = {isa = PBXBuildFile; fileRef = E1F7A1411E20B8A800ABDE49 /* MJConst.m */; };
		E1F7A1601E20B8A800ABDE49 /* MJFoundation.m in Sources */ = {isa = PBXBuildFile; fileRef = E1F7A1441E20B8A800ABDE49 /* MJFoundation.m */; };
		E1F7A1611E20B8A800ABDE49 /* MJIvar.m in Sources */ = {isa = PBXBuildFile; fileRef = E1F7A1461E20B8A800ABDE49 /* MJIvar.m */; };
		E1F7A1621E20B8A800ABDE49 /* MJMember.m in Sources */ = {isa = PBXBuildFile; fileRef = E1F7A1481E20B8A800ABDE49 /* MJMember.m */; };
		E1F7A1631E20B8A800ABDE49 /* MJMethod.m in Sources */ = {isa = PBXBuildFile; fileRef = E1F7A14A1E20B8A800ABDE49 /* MJMethod.m */; };
		E1F7A1641E20B8A800ABDE49 /* MJType.m in Sources */ = {isa = PBXBuildFile; fileRef = E1F7A14C1E20B8A800ABDE49 /* MJType.m */; };
		E1F7A1651E20B8A800ABDE49 /* MJTypeEncoding.m in Sources */ = {isa = PBXBuildFile; fileRef = E1F7A14E1E20B8A800ABDE49 /* MJTypeEncoding.m */; };
		E1F7A1661E20B8A800ABDE49 /* NSObject+MJCoding.m in Sources */ = {isa = PBXBuildFile; fileRef = E1F7A1501E20B8A800ABDE49 /* NSObject+MJCoding.m */; };
		E1F7A1671E20B8A800ABDE49 /* NSObject+MJKeyValue.m in Sources */ = {isa = PBXBuildFile; fileRef = E1F7A1521E20B8A800ABDE49 /* NSObject+MJKeyValue.m */; };
		E1F7A1681E20B8A800ABDE49 /* NSObject+MJMember.m in Sources */ = {isa = PBXBuildFile; fileRef = E1F7A1541E20B8A800ABDE49 /* NSObject+MJMember.m */; };
		E1F7A16C1E20B92A00ABDE49 /* DKHomeModelTool.m in Sources */ = {isa = PBXBuildFile; fileRef = E1F7A16B1E20B92A00ABDE49 /* DKHomeModelTool.m */; };
		E1F7A16F1E20D67F00ABDE49 /* DKHomeMainTableViewCell.m in Sources */ = {isa = PBXBuildFile; fileRef = E1F7A16E1E20D67F00ABDE49 /* DKHomeMainTableViewCell.m */; };
		E1F7A1721E20D68A00ABDE49 /* DKHomeSubTableViewCell.m in Sources */ = {isa = PBXBuildFile; fileRef = E1F7A1711E20D68A00ABDE49 /* DKHomeSubTableViewCell.m */; };
		E1F7A1751E20DD9400ABDE49 /* DKHomeAddressViewController.m in Sources */ = {isa = PBXBuildFile; fileRef = E1F7A1741E20DD9400ABDE49 /* DKHomeAddressViewController.m */; };
		E1F7A1771E20DE4900ABDE49 /* DKHomeAddressViewController.xib in Resources */ = {isa = PBXBuildFile; fileRef = E1F7A1761E20DE4900ABDE49 /* DKHomeAddressViewController.xib */; };
		E1F7A17B1E20E73400ABDE49 /* DKHomeCityViewController.m in Sources */ = {isa = PBXBuildFile; fileRef = E1F7A1791E20E73400ABDE49 /* DKHomeCityViewController.m */; };
		E1F7A17C1E20E73400ABDE49 /* DKHomeCityViewController.xib in Resources */ = {isa = PBXBuildFile; fileRef = E1F7A17A1E20E73400ABDE49 /* DKHomeCityViewController.xib */; };
		E1F7A1811E20F1C800ABDE49 /* DKCityModel.m in Sources */ = {isa = PBXBuildFile; fileRef = E1F7A1801E20F1C800ABDE49 /* DKCityModel.m */; };
		E1F7A1841E20F2BE00ABDE49 /* DKCityRegion.m in Sources */ = {isa = PBXBuildFile; fileRef = E1F7A1831E20F2BE00ABDE49 /* DKCityRegion.m */; };
		E1F7A1871E20FA3800ABDE49 /* DKCityGroupModel.m in Sources */ = {isa = PBXBuildFile; fileRef = E1F7A1861E20FA3800ABDE49 /* DKCityGroupModel.m */; };
		E1F7A18A1E21179B00ABDE49 /* DKHomeSearchResultTableViewController.m in Sources */ = {isa = PBXBuildFile; fileRef = E1F7A1891E21179B00ABDE49 /* DKHomeSearchResultTableViewController.m */; };
		E1F7A18E1E2119C400ABDE49 /* Foundation+Log.m in Sources */ = {isa = PBXBuildFile; fileRef = E1F7A18B1E2119C400ABDE49 /* Foundation+Log.m */; };
		E1F7A18F1E2119C400ABDE49 /* UIView+AutoLayout.m in Sources */ = {isa = PBXBuildFile; fileRef = E1F7A18D1E2119C400ABDE49 /* UIView+AutoLayout.m */; };
		E1FCCB3B1E319A3C003C612B /* MTDetailViewController.xib in Resources */ = {isa = PBXBuildFile; fileRef = E1FCCB3A1E319A3C003C612B /* MTDetailViewController.xib */; };
/* End PBXBuildFile section */

/* Begin PBXFileReference section */
		E104CFB81E2A3FAA006BD965 /* DKDeal.h */ = {isa = PBXFileReference; fileEncoding = 4; lastKnownFileType = sourcecode.c.h; path = DKDeal.h; sourceTree = "<group>"; };
		E104CFB91E2A3FAA006BD965 /* DKDeal.m */ = {isa = PBXFileReference; fileEncoding = 4; lastKnownFileType = sourcecode.c.objc; path = DKDeal.m; sourceTree = "<group>"; };
		E104CFBB1E2A456A006BD965 /* DKDealCell.h */ = {isa = PBXFileReference; fileEncoding = 4; lastKnownFileType = sourcecode.c.h; path = DKDealCell.h; sourceTree = "<group>"; };
		E104CFBC1E2A456A006BD965 /* DKDealCell.m */ = {isa = PBXFileReference; fileEncoding = 4; lastKnownFileType = sourcecode.c.objc; path = DKDealCell.m; sourceTree = "<group>"; };
		E104CFBD1E2A456A006BD965 /* DKDealCell.xib */ = {isa = PBXFileReference; fileEncoding = 4; lastKnownFileType = file.xib; path = DKDealCell.xib; sourceTree = "<group>"; };
		E104CFC11E2A45FB006BD965 /* MKAnnotationView+WebCache.h */ = {isa = PBXFileReference; fileEncoding = 4; lastKnownFileType = sourcecode.c.h; path = "MKAnnotationView+WebCache.h"; sourceTree = "<group>"; };
		E104CFC21E2A45FB006BD965 /* MKAnnotationView+WebCache.m */ = {isa = PBXFileReference; fileEncoding = 4; lastKnownFileType = sourcecode.c.objc; path = "MKAnnotationView+WebCache.m"; sourceTree = "<group>"; };
		E104CFC31E2A45FB006BD965 /* NSData+ImageContentType.h */ = {isa = PBXFileReference; fileEncoding = 4; lastKnownFileType = sourcecode.c.h; path = "NSData+ImageContentType.h"; sourceTree = "<group>"; };
		E104CFC41E2A45FB006BD965 /* NSData+ImageContentType.m */ = {isa = PBXFileReference; fileEncoding = 4; lastKnownFileType = sourcecode.c.objc; path = "NSData+ImageContentType.m"; sourceTree = "<group>"; };
		E104CFC51E2A45FB006BD965 /* SDImageCache.h */ = {isa = PBXFileReference; fileEncoding = 4; lastKnownFileType = sourcecode.c.h; path = SDImageCache.h; sourceTree = "<group>"; };
		E104CFC61E2A45FB006BD965 /* SDImageCache.m */ = {isa = PBXFileReference; fileEncoding = 4; lastKnownFileType = sourcecode.c.objc; path = SDImageCache.m; sourceTree = "<group>"; };
		E104CFC71E2A45FB006BD965 /* SDWebImageCompat.h */ = {isa = PBXFileReference; fileEncoding = 4; lastKnownFileType = sourcecode.c.h; path = SDWebImageCompat.h; sourceTree = "<group>"; };
		E104CFC81E2A45FB006BD965 /* SDWebImageCompat.m */ = {isa = PBXFileReference; fileEncoding = 4; lastKnownFileType = sourcecode.c.objc; path = SDWebImageCompat.m; sourceTree = "<group>"; };
		E104CFC91E2A45FB006BD965 /* SDWebImageDecoder.h */ = {isa = PBXFileReference; fileEncoding = 4; lastKnownFileType = sourcecode.c.h; path = SDWebImageDecoder.h; sourceTree = "<group>"; };
		E104CFCA1E2A45FB006BD965 /* SDWebImageDecoder.m */ = {isa = PBXFileReference; fileEncoding = 4; lastKnownFileType = sourcecode.c.objc; path = SDWebImageDecoder.m; sourceTree = "<group>"; };
		E104CFCB1E2A45FB006BD965 /* SDWebImageDownloader.h */ = {isa = PBXFileReference; fileEncoding = 4; lastKnownFileType = sourcecode.c.h; path = SDWebImageDownloader.h; sourceTree = "<group>"; };
		E104CFCC1E2A45FB006BD965 /* SDWebImageDownloader.m */ = {isa = PBXFileReference; fileEncoding = 4; lastKnownFileType = sourcecode.c.objc; path = SDWebImageDownloader.m; sourceTree = "<group>"; };
		E104CFCD1E2A45FB006BD965 /* SDWebImageDownloaderOperation.h */ = {isa = PBXFileReference; fileEncoding = 4; lastKnownFileType = sourcecode.c.h; path = SDWebImageDownloaderOperation.h; sourceTree = "<group>"; };
		E104CFCE1E2A45FB006BD965 /* SDWebImageDownloaderOperation.m */ = {isa = PBXFileReference; fileEncoding = 4; lastKnownFileType = sourcecode.c.objc; path = SDWebImageDownloaderOperation.m; sourceTree = "<group>"; };
		E104CFCF1E2A45FB006BD965 /* SDWebImageManager.h */ = {isa = PBXFileReference; fileEncoding = 4; lastKnownFileType = sourcecode.c.h; path = SDWebImageManager.h; sourceTree = "<group>"; };
		E104CFD01E2A45FB006BD965 /* SDWebImageManager.m */ = {isa = PBXFileReference; fileEncoding = 4; lastKnownFileType = sourcecode.c.objc; path = SDWebImageManager.m; sourceTree = "<group>"; };
		E104CFD11E2A45FB006BD965 /* SDWebImageOperation.h */ = {isa = PBXFileReference; fileEncoding = 4; lastKnownFileType = sourcecode.c.h; path = SDWebImageOperation.h; sourceTree = "<group>"; };
		E104CFD21E2A45FB006BD965 /* SDWebImagePrefetcher.h */ = {isa = PBXFileReference; fileEncoding = 4; lastKnownFileType = sourcecode.c.h; path = SDWebImagePrefetcher.h; sourceTree = "<group>"; };
		E104CFD31E2A45FB006BD965 /* SDWebImagePrefetcher.m */ = {isa = PBXFileReference; fileEncoding = 4; lastKnownFileType = sourcecode.c.objc; path = SDWebImagePrefetcher.m; sourceTree = "<group>"; };
		E104CFD41E2A45FB006BD965 /* UIButton+WebCache.h */ = {isa = PBXFileReference; fileEncoding = 4; lastKnownFileType = sourcecode.c.h; path = "UIButton+WebCache.h"; sourceTree = "<group>"; };
		E104CFD51E2A45FB006BD965 /* UIButton+WebCache.m */ = {isa = PBXFileReference; fileEncoding = 4; lastKnownFileType = sourcecode.c.objc; path = "UIButton+WebCache.m"; sourceTree = "<group>"; };
		E104CFD61E2A45FB006BD965 /* UIImage+GIF.h */ = {isa = PBXFileReference; fileEncoding = 4; lastKnownFileType = sourcecode.c.h; path = "UIImage+GIF.h"; sourceTree = "<group>"; };
		E104CFD71E2A45FB006BD965 /* UIImage+GIF.m */ = {isa = PBXFileReference; fileEncoding = 4; lastKnownFileType = sourcecode.c.objc; path = "UIImage+GIF.m"; sourceTree = "<group>"; };
		E104CFD81E2A45FB006BD965 /* UIImage+MultiFormat.h */ = {isa = PBXFileReference; fileEncoding = 4; lastKnownFileType = sourcecode.c.h; path = "UIImage+MultiFormat.h"; sourceTree = "<group>"; };
		E104CFD91E2A45FB006BD965 /* UIImage+MultiFormat.m */ = {isa = PBXFileReference; fileEncoding = 4; lastKnownFileType = sourcecode.c.objc; path = "UIImage+MultiFormat.m"; sourceTree = "<group>"; };
		E104CFDA1E2A45FB006BD965 /* UIImage+WebP.h */ = {isa = PBXFileReference; fileEncoding = 4; lastKnownFileType = sourcecode.c.h; path = "UIImage+WebP.h"; sourceTree = "<group>"; };
		E104CFDB1E2A45FB006BD965 /* UIImage+WebP.m */ = {isa = PBXFileReference; fileEncoding = 4; lastKnownFileType = sourcecode.c.objc; path = "UIImage+WebP.m"; sourceTree = "<group>"; };
		E104CFDC1E2A45FB006BD965 /* UIImageView+HighlightedWebCache.h */ = {isa = PBXFileReference; fileEncoding = 4; lastKnownFileType = sourcecode.c.h; path = "UIImageView+HighlightedWebCache.h"; sourceTree = "<group>"; };
		E104CFDD1E2A45FB006BD965 /* UIImageView+HighlightedWebCache.m */ = {isa = PBXFileReference; fileEncoding = 4; lastKnownFileType = sourcecode.c.objc; path = "UIImageView+HighlightedWebCache.m"; sourceTree = "<group>"; };
		E104CFDE1E2A45FB006BD965 /* UIImageView+WebCache.h */ = {isa = PBXFileReference; fileEncoding = 4; lastKnownFileType = sourcecode.c.h; path = "UIImageView+WebCache.h"; sourceTree = "<group>"; };
		E104CFDF1E2A45FB006BD965 /* UIImageView+WebCache.m */ = {isa = PBXFileReference; fileEncoding = 4; lastKnownFileType = sourcecode.c.objc; path = "UIImageView+WebCache.m"; sourceTree = "<group>"; };
		E104CFE01E2A45FB006BD965 /* UIView+WebCacheOperation.h */ = {isa = PBXFileReference; fileEncoding = 4; lastKnownFileType = sourcecode.c.h; path = "UIView+WebCacheOperation.h"; sourceTree = "<group>"; };
		E104CFE11E2A45FB006BD965 /* UIView+WebCacheOperation.m */ = {isa = PBXFileReference; fileEncoding = 4; lastKnownFileType = sourcecode.c.objc; path = "UIView+WebCacheOperation.m"; sourceTree = "<group>"; };
		E104CFF31E2A4602006BD965 /* MBProgressHUD+MJ.h */ = {isa = PBXFileReference; fileEncoding = 4; lastKnownFileType = sourcecode.c.h; path = "MBProgressHUD+MJ.h"; sourceTree = "<group>"; };
		E104CFF41E2A4602006BD965 /* MBProgressHUD+MJ.m */ = {isa = PBXFileReference; fileEncoding = 4; lastKnownFileType = sourcecode.c.objc; path = "MBProgressHUD+MJ.m"; sourceTree = "<group>"; };
		E104CFF51E2A4602006BD965 /* MBProgressHUD.bundle */ = {isa = PBXFileReference; lastKnownFileType = "wrapper.plug-in"; path = MBProgressHUD.bundle; sourceTree = "<group>"; };
		E104CFF61E2A4602006BD965 /* MBProgressHUD.h */ = {isa = PBXFileReference; fileEncoding = 4; lastKnownFileType = sourcecode.c.h; path = MBProgressHUD.h; sourceTree = "<group>"; };
		E104CFF71E2A4602006BD965 /* MBProgressHUD.m */ = {isa = PBXFileReference; fileEncoding = 4; lastKnownFileType = sourcecode.c.objc; path = MBProgressHUD.m; sourceTree = "<group>"; };
		E104CFFC1E2A4609006BD965 /* MJRefresh.bundle */ = {isa = PBXFileReference; lastKnownFileType = "wrapper.plug-in"; path = MJRefresh.bundle; sourceTree = "<group>"; };
		E104CFFD1E2A4609006BD965 /* MJRefresh.h */ = {isa = PBXFileReference; fileEncoding = 4; lastKnownFileType = sourcecode.c.h; path = MJRefresh.h; sourceTree = "<group>"; };
		E104CFFE1E2A4609006BD965 /* MJRefreshBaseView.h */ = {isa = PBXFileReference; fileEncoding = 4; lastKnownFileType = sourcecode.c.h; path = MJRefreshBaseView.h; sourceTree = "<group>"; };
		E104CFFF1E2A4609006BD965 /* MJRefreshBaseView.m */ = {isa = PBXFileReference; fileEncoding = 4; lastKnownFileType = sourcecode.c.objc; path = MJRefreshBaseView.m; sourceTree = "<group>"; };
		E104D0001E2A4609006BD965 /* MJRefreshConst.h */ = {isa = PBXFileReference; fileEncoding = 4; lastKnownFileType = sourcecode.c.h; path = MJRefreshConst.h; sourceTree = "<group>"; };
		E104D0011E2A4609006BD965 /* MJRefreshConst.m */ = {isa = PBXFileReference; fileEncoding = 4; lastKnownFileType = sourcecode.c.objc; path = MJRefreshConst.m; sourceTree = "<group>"; };
		E104D0021E2A4609006BD965 /* MJRefreshFooterView.h */ = {isa = PBXFileReference; fileEncoding = 4; lastKnownFileType = sourcecode.c.h; path = MJRefreshFooterView.h; sourceTree = "<group>"; };
		E104D0031E2A4609006BD965 /* MJRefreshFooterView.m */ = {isa = PBXFileReference; fileEncoding = 4; lastKnownFileType = sourcecode.c.objc; path = MJRefreshFooterView.m; sourceTree = "<group>"; };
		E104D0041E2A4609006BD965 /* MJRefreshHeaderView.h */ = {isa = PBXFileReference; fileEncoding = 4; lastKnownFileType = sourcecode.c.h; path = MJRefreshHeaderView.h; sourceTree = "<group>"; };
		E104D0051E2A4609006BD965 /* MJRefreshHeaderView.m */ = {isa = PBXFileReference; fileEncoding = 4; lastKnownFileType = sourcecode.c.objc; path = MJRefreshHeaderView.m; sourceTree = "<group>"; };
		E104D0061E2A4609006BD965 /* UIScrollView+MJExtension.h */ = {isa = PBXFileReference; fileEncoding = 4; lastKnownFileType = sourcecode.c.h; path = "UIScrollView+MJExtension.h"; sourceTree = "<group>"; };
		E104D0071E2A4609006BD965 /* UIScrollView+MJExtension.m */ = {isa = PBXFileReference; fileEncoding = 4; lastKnownFileType = sourcecode.c.objc; path = "UIScrollView+MJExtension.m"; sourceTree = "<group>"; };
		E104D0081E2A4609006BD965 /* UIScrollView+MJRefresh.h */ = {isa = PBXFileReference; fileEncoding = 4; lastKnownFileType = sourcecode.c.h; path = "UIScrollView+MJRefresh.h"; sourceTree = "<group>"; };
		E104D0091E2A4609006BD965 /* UIScrollView+MJRefresh.m */ = {isa = PBXFileReference; fileEncoding = 4; lastKnownFileType = sourcecode.c.objc; path = "UIScrollView+MJRefresh.m"; sourceTree = "<group>"; };
		E104D00A1E2A4609006BD965 /* UIView+MJExtension.h */ = {isa = PBXFileReference; fileEncoding = 4; lastKnownFileType = sourcecode.c.h; path = "UIView+MJExtension.h"; sourceTree = "<group>"; };
		E104D00B1E2A4609006BD965 /* UIView+MJExtension.m */ = {isa = PBXFileReference; fileEncoding = 4; lastKnownFileType = sourcecode.c.objc; path = "UIView+MJExtension.m"; sourceTree = "<group>"; };
		E104D0151E2A4618006BD965 /* AwesomeMenu.h */ = {isa = PBXFileReference; fileEncoding = 4; lastKnownFileType = sourcecode.c.h; path = AwesomeMenu.h; sourceTree = "<group>"; };
		E104D0161E2A4618006BD965 /* AwesomeMenu.m */ = {isa = PBXFileReference; fileEncoding = 4; lastKnownFileType = sourcecode.c.objc; path = AwesomeMenu.m; sourceTree = "<group>"; };
		E104D0171E2A4618006BD965 /* AwesomeMenuItem.h */ = {isa = PBXFileReference; fileEncoding = 4; lastKnownFileType = sourcecode.c.h; path = AwesomeMenuItem.h; sourceTree = "<group>"; };
		E104D0181E2A4619006BD965 /* AwesomeMenuItem.m */ = {isa = PBXFileReference; fileEncoding = 4; lastKnownFileType = sourcecode.c.objc; path = AwesomeMenuItem.m; sourceTree = "<group>"; };
		E106229B1E1CD1C50082221F /* DKNavigationViewController.h */ = {isa = PBXFileReference; fileEncoding = 4; lastKnownFileType = sourcecode.c.h; path = DKNavigationViewController.h; sourceTree = "<group>"; };
		E106229C1E1CD1C50082221F /* DKNavigationViewController.m */ = {isa = PBXFileReference; fileEncoding = 4; lastKnownFileType = sourcecode.c.objc; path = DKNavigationViewController.m; sourceTree = "<group>"; };
		E106229F1E1CD7CC0082221F /* DKConst.h */ = {isa = PBXFileReference; fileEncoding = 4; lastKnownFileType = sourcecode.c.h; path = DKConst.h; sourceTree = "<group>"; };
		E10622A01E1CD7CC0082221F /* DKConst.m */ = {isa = PBXFileReference; fileEncoding = 4; lastKnownFileType = sourcecode.c.objc; path = DKConst.m; sourceTree = "<group>"; };
		E10622A31E1CEC200082221F /* UIBarButtonItem+Extension.h */ = {isa = PBXFileReference; fileEncoding = 4; lastKnownFileType = sourcecode.c.h; path = "UIBarButtonItem+Extension.h"; sourceTree = "<group>"; };
		E10622A41E1CEC200082221F /* UIBarButtonItem+Extension.m */ = {isa = PBXFileReference; fileEncoding = 4; lastKnownFileType = sourcecode.c.objc; path = "UIBarButtonItem+Extension.m"; sourceTree = "<group>"; };
		E10622A71E1CEC840082221F /* UIView+Extension.h */ = {isa = PBXFileReference; fileEncoding = 4; lastKnownFileType = sourcecode.c.h; path = "UIView+Extension.h"; sourceTree = "<group>"; };
		E10622A81E1CEC840082221F /* UIView+Extension.m */ = {isa = PBXFileReference; fileEncoding = 4; lastKnownFileType = sourcecode.c.objc; path = "UIView+Extension.m"; sourceTree = "<group>"; };
		E15DF27F1E30BEEE00D9837F /* MTDetailViewController.h */ = {isa = PBXFileReference; fileEncoding = 4; lastKnownFileType = sourcecode.c.h; path = MTDetailViewController.h; sourceTree = "<group>"; };
		E15DF2801E30BEEE00D9837F /* MTDetailViewController.m */ = {isa = PBXFileReference; fileEncoding = 4; lastKnownFileType = sourcecode.c.objc; path = MTDetailViewController.m; sourceTree = "<group>"; };
		E15DF2841E30C06900D9837F /* MTRestrictions.h */ = {isa = PBXFileReference; fileEncoding = 4; lastKnownFileType = sourcecode.c.h; path = MTRestrictions.h; sourceTree = "<group>"; };
		E15DF2851E30C06900D9837F /* MTRestrictions.m */ = {isa = PBXFileReference; fileEncoding = 4; lastKnownFileType = sourcecode.c.objc; path = MTRestrictions.m; sourceTree = "<group>"; };
		E15DF28B1E30C1C200D9837F /* MTDealTool.h */ = {isa = PBXFileReference; fileEncoding = 4; lastKnownFileType = sourcecode.c.h; path = MTDealTool.h; sourceTree = "<group>"; };
		E15DF28C1E30C1C200D9837F /* MTDealTool.m */ = {isa = PBXFileReference; fileEncoding = 4; lastKnownFileType = sourcecode.c.objc; path = MTDealTool.m; sourceTree = "<group>"; };
		E15DF28F1E30C1F500D9837F /* FMDatabase.h */ = {isa = PBXFileReference; fileEncoding = 4; lastKnownFileType = sourcecode.c.h; path = FMDatabase.h; sourceTree = "<group>"; };
		E15DF2901E30C1F500D9837F /* FMDatabase.m */ = {isa = PBXFileReference; fileEncoding = 4; lastKnownFileType = sourcecode.c.objc; path = FMDatabase.m; sourceTree = "<group>"; };
		E15DF2911E30C1F500D9837F /* FMDatabaseAdditions.h */ = {isa = PBXFileReference; fileEncoding = 4; lastKnownFileType = sourcecode.c.h; path = FMDatabaseAdditions.h; sourceTree = "<group>"; };
		E15DF2921E30C1F500D9837F /* FMDatabaseAdditions.m */ = {isa = PBXFileReference; fileEncoding = 4; lastKnownFileType = sourcecode.c.objc; path = FMDatabaseAdditions.m; sourceTree = "<group>"; };
		E15DF2931E30C1F500D9837F /* FMDatabasePool.h */ = {isa = PBXFileReference; fileEncoding = 4; lastKnownFileType = sourcecode.c.h; path = FMDatabasePool.h; sourceTree = "<group>"; };
		E15DF2941E30C1F500D9837F /* FMDatabasePool.m */ = {isa = PBXFileReference; fileEncoding = 4; lastKnownFileType = sourcecode.c.objc; path = FMDatabasePool.m; sourceTree = "<group>"; };
		E15DF2951E30C1F500D9837F /* FMDatabaseQueue.h */ = {isa = PBXFileReference; fileEncoding = 4; lastKnownFileType = sourcecode.c.h; path = FMDatabaseQueue.h; sourceTree = "<group>"; };
		E15DF2961E30C1F500D9837F /* FMDatabaseQueue.m */ = {isa = PBXFileReference; fileEncoding = 4; lastKnownFileType = sourcecode.c.objc; path = FMDatabaseQueue.m; sourceTree = "<group>"; };
		E15DF2971E30C1F500D9837F /* FMDB.h */ = {isa = PBXFileReference; fileEncoding = 4; lastKnownFileType = sourcecode.c.h; path = FMDB.h; sourceTree = "<group>"; };
		E15DF2981E30C1F500D9837F /* FMResultSet.h */ = {isa = PBXFileReference; fileEncoding = 4; lastKnownFileType = sourcecode.c.h; path = FMResultSet.h; sourceTree = "<group>"; };
		E15DF2991E30C1F500D9837F /* FMResultSet.m */ = {isa = PBXFileReference; fileEncoding = 4; lastKnownFileType = sourcecode.c.objc; path = FMResultSet.m; sourceTree = "<group>"; };
		E16BBF7D1E30C35B00B59BF5 /* libsqlite3.0.tbd */ = {isa = PBXFileReference; lastKnownFileType = "sourcecode.text-based-dylib-definition"; name = libsqlite3.0.tbd; path = usr/lib/libsqlite3.0.tbd; sourceTree = SDKROOT; };
		E1A8FC481E2243B900D02AAA /* DKHomeSortModel.h */ = {isa = PBXFileReference; fileEncoding = 4; lastKnownFileType = sourcecode.c.h; path = DKHomeSortModel.h; sourceTree = "<group>"; };
		E1A8FC491E2243B900D02AAA /* DKHomeSortModel.m */ = {isa = PBXFileReference; fileEncoding = 4; lastKnownFileType = sourcecode.c.objc; path = DKHomeSortModel.m; sourceTree = "<group>"; };
		E1A8FC4B1E2244B800D02AAA /* DKHomeSortViewController.h */ = {isa = PBXFileReference; fileEncoding = 4; lastKnownFileType = sourcecode.c.h; path = DKHomeSortViewController.h; sourceTree = "<group>"; };
		E1A8FC4C1E2244B800D02AAA /* DKHomeSortViewController.m */ = {isa = PBXFileReference; fileEncoding = 4; lastKnownFileType = sourcecode.c.objc; path = DKHomeSortViewController.m; sourceTree = "<group>"; };
		E1A8FC4E1E224EF900D02AAA /* DKHomeSortButton.h */ = {isa = PBXFileReference; fileEncoding = 4; lastKnownFileType = sourcecode.c.h; path = DKHomeSortButton.h; sourceTree = "<group>"; };
		E1A8FC4F1E224EF900D02AAA /* DKHomeSortButton.m */ = {isa = PBXFileReference; fileEncoding = 4; lastKnownFileType = sourcecode.c.objc; path = DKHomeSortButton.m; sourceTree = "<group>"; };
		E1A8FC521E227BD300D02AAA /* DPAPI.h */ = {isa = PBXFileReference; fileEncoding = 4; lastKnownFileType = sourcecode.c.h; path = DPAPI.h; sourceTree = "<group>"; };
		E1A8FC531E227BD300D02AAA /* DPAPI.m */ = {isa = PBXFileReference; fileEncoding = 4; lastKnownFileType = sourcecode.c.objc; path = DPAPI.m; sourceTree = "<group>"; };
		E1A8FC541E227BD300D02AAA /* DPConstants.h */ = {isa = PBXFileReference; fileEncoding = 4; lastKnownFileType = sourcecode.c.h; path = DPConstants.h; sourceTree = "<group>"; };
		E1A8FC551E227BD300D02AAA /* DPRequest.h */ = {isa = PBXFileReference; fileEncoding = 4; lastKnownFileType = sourcecode.c.h; path = DPRequest.h; sourceTree = "<group>"; };
		E1A8FC561E227BD300D02AAA /* DPRequest.m */ = {isa = PBXFileReference; fileEncoding = 4; lastKnownFileType = sourcecode.c.objc; path = DPRequest.m; sourceTree = "<group>"; };
		E1D0EB231E1B7E87000C9541 /* DKMeituanHD.app */ = {isa = PBXFileReference; explicitFileType = wrapper.application; includeInIndex = 0; path = DKMeituanHD.app; sourceTree = BUILT_PRODUCTS_DIR; };
		E1D0EB271E1B7E87000C9541 /* main.m */ = {isa = PBXFileReference; lastKnownFileType = sourcecode.c.objc; path = main.m; sourceTree = "<group>"; };
		E1D0EB291E1B7E87000C9541 /* AppDelegate.h */ = {isa = PBXFileReference; lastKnownFileType = sourcecode.c.h; path = AppDelegate.h; sourceTree = "<group>"; };
		E1D0EB2A1E1B7E87000C9541 /* AppDelegate.m */ = {isa = PBXFileReference; lastKnownFileType = sourcecode.c.objc; path = AppDelegate.m; sourceTree = "<group>"; };
		E1D0EB2C1E1B7E87000C9541 /* ViewController.h */ = {isa = PBXFileReference; lastKnownFileType = sourcecode.c.h; path = ViewController.h; sourceTree = "<group>"; };
		E1D0EB2D1E1B7E87000C9541 /* ViewController.m */ = {isa = PBXFileReference; lastKnownFileType = sourcecode.c.objc; path = ViewController.m; sourceTree = "<group>"; };
		E1D0EB321E1B7E87000C9541 /* Assets.xcassets */ = {isa = PBXFileReference; lastKnownFileType = folder.assetcatalog; path = Assets.xcassets; sourceTree = "<group>"; };
		E1D0EB371E1B7E87000C9541 /* Info.plist */ = {isa = PBXFileReference; lastKnownFileType = text.plist.xml; path = Info.plist; sourceTree = "<group>"; };
		E1D0EB3E1E1BA1CA000C9541 /* DKHomeCollectionViewController.h */ = {isa = PBXFileReference; fileEncoding = 4; lastKnownFileType = sourcecode.c.h; path = DKHomeCollectionViewController.h; sourceTree = "<group>"; };
		E1D0EB3F1E1BA1CA000C9541 /* DKHomeCollectionViewController.m */ = {isa = PBXFileReference; fileEncoding = 4; lastKnownFileType = sourcecode.c.objc; path = DKHomeCollectionViewController.m; sourceTree = "<group>"; };
		E1F024281E2B1581007E801F /* DKCenterLineLabel.h */ = {isa = PBXFileReference; fileEncoding = 4; lastKnownFileType = sourcecode.c.h; path = DKCenterLineLabel.h; sourceTree = "<group>"; };
		E1F024291E2B1581007E801F /* DKCenterLineLabel.m */ = {isa = PBXFileReference; fileEncoding = 4; lastKnownFileType = sourcecode.c.objc; path = DKCenterLineLabel.m; sourceTree = "<group>"; };
		E1F0242C1E2B6A0A007E801F /* DKSearchCollectionViewController.h */ = {isa = PBXFileReference; fileEncoding = 4; lastKnownFileType = sourcecode.c.h; path = DKSearchCollectionViewController.h; sourceTree = "<group>"; };
		E1F0242D1E2B6A0A007E801F /* DKSearchCollectionViewController.m */ = {isa = PBXFileReference; fileEncoding = 4; lastKnownFileType = sourcecode.c.objc; path = DKSearchCollectionViewController.m; sourceTree = "<group>"; };
		E1F024341E2B7287007E801F /* DKDealsCollectionViewController.h */ = {isa = PBXFileReference; fileEncoding = 4; lastKnownFileType = sourcecode.c.h; path = DKDealsCollectionViewController.h; sourceTree = "<group>"; };
		E1F024351E2B7287007E801F /* DKDealsCollectionViewController.m */ = {isa = PBXFileReference; fileEncoding = 4; lastKnownFileType = sourcecode.c.objc; path = DKDealsCollectionViewController.m; sourceTree = "<group>"; };
		E1F0243A1E2B9D95007E801F /* DKCollectCollectionViewController.h */ = {isa = PBXFileReference; fileEncoding = 4; lastKnownFileType = sourcecode.c.h; path = DKCollectCollectionViewController.h; sourceTree = "<group>"; };
		E1F0243B1E2B9D95007E801F /* DKCollectCollectionViewController.m */ = {isa = PBXFileReference; fileEncoding = 4; lastKnownFileType = sourcecode.c.objc; path = DKCollectCollectionViewController.m; sourceTree = "<group>"; };
		E1F0243E1E2B9DA8007E801F /* DKRecentCollectionViewController.h */ = {isa = PBXFileReference; fileEncoding = 4; lastKnownFileType = sourcecode.c.h; path = DKRecentCollectionViewController.h; sourceTree = "<group>"; };
		E1F0243F1E2B9DA8007E801F /* DKRecentCollectionViewController.m */ = {isa = PBXFileReference; fileEncoding = 4; lastKnownFileType = sourcecode.c.objc; path = DKRecentCollectionViewController.m; sourceTree = "<group>"; };
		E1F4FA161E1E3FD800DBB3A3 /* DKHomeTopItem.h */ = {isa = PBXFileReference; fileEncoding = 4; lastKnownFileType = sourcecode.c.h; path = DKHomeTopItem.h; sourceTree = "<group>"; };
		E1F4FA171E1E3FD800DBB3A3 /* DKHomeTopItem.m */ = {isa = PBXFileReference; fileEncoding = 4; lastKnownFileType = sourcecode.c.objc; path = DKHomeTopItem.m; sourceTree = "<group>"; };
		E1F4FA191E1E400E00DBB3A3 /* DKHomeTopItem.xib */ = {isa = PBXFileReference; fileEncoding = 4; lastKnownFileType = file.xib; path = DKHomeTopItem.xib; sourceTree = "<group>"; };
		E1F7A10E1E20A31400ABDE49 /* DKHomeDropdownView.h */ = {isa = PBXFileReference; fileEncoding = 4; lastKnownFileType = sourcecode.c.h; path = DKHomeDropdownView.h; sourceTree = "<group>"; };
		E1F7A10F1E20A31400ABDE49 /* DKHomeDropdownView.m */ = {isa = PBXFileReference; fileEncoding = 4; lastKnownFileType = sourcecode.c.objc; path = DKHomeDropdownView.m; sourceTree = "<group>"; };
		E1F7A1111E20A36800ABDE49 /* DKHomeDropdownView.xib */ = {isa = PBXFileReference; fileEncoding = 4; lastKnownFileType = file.xib; path = DKHomeDropdownView.xib; sourceTree = "<group>"; };
		E1F7A1131E20AF2800ABDE49 /* DKCategoryViewController.h */ = {isa = PBXFileReference; fileEncoding = 4; lastKnownFileType = sourcecode.c.h; path = DKCategoryViewController.h; sourceTree = "<group>"; };
		E1F7A1141E20AF2800ABDE49 /* DKCategoryViewController.m */ = {isa = PBXFileReference; fileEncoding = 4; lastKnownFileType = sourcecode.c.objc; path = DKCategoryViewController.m; sourceTree = "<group>"; };
		E1F7A1181E20B55C00ABDE49 /* categories.plist */ = {isa = PBXFileReference; fileEncoding = 4; lastKnownFileType = text.plist.xml; path = categories.plist; sourceTree = "<group>"; };
		E1F7A1191E20B55C00ABDE49 /* cities.plist */ = {isa = PBXFileReference; fileEncoding = 4; lastKnownFileType = text.plist.xml; path = cities.plist; sourceTree = "<group>"; };
		E1F7A11A1E20B55C00ABDE49 /* cityGroups.plist */ = {isa = PBXFileReference; fileEncoding = 4; lastKnownFileType = text.plist.xml; path = cityGroups.plist; sourceTree = "<group>"; };
		E1F7A11B1E20B55C00ABDE49 /* sorts.plist */ = {isa = PBXFileReference; fileEncoding = 4; lastKnownFileType = text.plist.xml; path = sorts.plist; sourceTree = "<group>"; };
		E1F7A1211E20B65700ABDE49 /* DKCategoryModel.h */ = {isa = PBXFileReference; fileEncoding = 4; lastKnownFileType = sourcecode.c.h; path = DKCategoryModel.h; sourceTree = "<group>"; };
		E1F7A1221E20B65700ABDE49 /* DKCategoryModel.m */ = {isa = PBXFileReference; fileEncoding = 4; lastKnownFileType = sourcecode.c.objc; path = DKCategoryModel.m; sourceTree = "<group>"; };
		E1F7A1261E20B8A800ABDE49 /* MASCompositeConstraint.h */ = {isa = PBXFileReference; fileEncoding = 4; lastKnownFileType = sourcecode.c.h; path = MASCompositeConstraint.h; sourceTree = "<group>"; };
		E1F7A1271E20B8A800ABDE49 /* MASCompositeConstraint.m */ = {isa = PBXFileReference; fileEncoding = 4; lastKnownFileType = sourcecode.c.objc; path = MASCompositeConstraint.m; sourceTree = "<group>"; };
		E1F7A1281E20B8A800ABDE49 /* MASConstraint+Private.h */ = {isa = PBXFileReference; fileEncoding = 4; lastKnownFileType = sourcecode.c.h; path = "MASConstraint+Private.h"; sourceTree = "<group>"; };
		E1F7A1291E20B8A800ABDE49 /* MASConstraint.h */ = {isa = PBXFileReference; fileEncoding = 4; lastKnownFileType = sourcecode.c.h; path = MASConstraint.h; sourceTree = "<group>"; };
		E1F7A12A1E20B8A800ABDE49 /* MASConstraint.m */ = {isa = PBXFileReference; fileEncoding = 4; lastKnownFileType = sourcecode.c.objc; path = MASConstraint.m; sourceTree = "<group>"; };
		E1F7A12B1E20B8A800ABDE49 /* MASConstraintMaker.h */ = {isa = PBXFileReference; fileEncoding = 4; lastKnownFileType = sourcecode.c.h; path = MASConstraintMaker.h; sourceTree = "<group>"; };
		E1F7A12C1E20B8A800ABDE49 /* MASConstraintMaker.m */ = {isa = PBXFileReference; fileEncoding = 4; lastKnownFileType = sourcecode.c.objc; path = MASConstraintMaker.m; sourceTree = "<group>"; };
		E1F7A12D1E20B8A800ABDE49 /* MASLayoutConstraint.h */ = {isa = PBXFileReference; fileEncoding = 4; lastKnownFileType = sourcecode.c.h; path = MASLayoutConstraint.h; sourceTree = "<group>"; };
		E1F7A12E1E20B8A800ABDE49 /* MASLayoutConstraint.m */ = {isa = PBXFileReference; fileEncoding = 4; lastKnownFileType = sourcecode.c.objc; path = MASLayoutConstraint.m; sourceTree = "<group>"; };
		E1F7A12F1E20B8A800ABDE49 /* Masonry.h */ = {isa = PBXFileReference; fileEncoding = 4; lastKnownFileType = sourcecode.c.h; path = Masonry.h; sourceTree = "<group>"; };
		E1F7A1301E20B8A800ABDE49 /* MASUtilities.h */ = {isa = PBXFileReference; fileEncoding = 4; lastKnownFileType = sourcecode.c.h; path = MASUtilities.h; sourceTree = "<group>"; };
		E1F7A1311E20B8A800ABDE49 /* MASViewAttribute.h */ = {isa = PBXFileReference; fileEncoding = 4; lastKnownFileType = sourcecode.c.h; path = MASViewAttribute.h; sourceTree = "<group>"; };
		E1F7A1321E20B8A800ABDE49 /* MASViewAttribute.m */ = {isa = PBXFileReference; fileEncoding = 4; lastKnownFileType = sourcecode.c.objc; path = MASViewAttribute.m; sourceTree = "<group>"; };
		E1F7A1331E20B8A800ABDE49 /* MASViewConstraint.h */ = {isa = PBXFileReference; fileEncoding = 4; lastKnownFileType = sourcecode.c.h; path = MASViewConstraint.h; sourceTree = "<group>"; };
		E1F7A1341E20B8A800ABDE49 /* MASViewConstraint.m */ = {isa = PBXFileReference; fileEncoding = 4; lastKnownFileType = sourcecode.c.objc; path = MASViewConstraint.m; sourceTree = "<group>"; };
		E1F7A1351E20B8A800ABDE49 /* NSArray+MASAdditions.h */ = {isa = PBXFileReference; fileEncoding = 4; lastKnownFileType = sourcecode.c.h; path = "NSArray+MASAdditions.h"; sourceTree = "<group>"; };
		E1F7A1361E20B8A800ABDE49 /* NSArray+MASAdditions.m */ = {isa = PBXFileReference; fileEncoding = 4; lastKnownFileType = sourcecode.c.objc; path = "NSArray+MASAdditions.m"; sourceTree = "<group>"; };
		E1F7A1371E20B8A800ABDE49 /* NSArray+MASShorthandAdditions.h */ = {isa = PBXFileReference; fileEncoding = 4; lastKnownFileType = sourcecode.c.h; path = "NSArray+MASShorthandAdditions.h"; sourceTree = "<group>"; };
		E1F7A1381E20B8A800ABDE49 /* NSLayoutConstraint+MASDebugAdditions.h */ = {isa = PBXFileReference; fileEncoding = 4; lastKnownFileType = sourcecode.c.h; path = "NSLayoutConstraint+MASDebugAdditions.h"; sourceTree = "<group>"; };
		E1F7A1391E20B8A800ABDE49 /* NSLayoutConstraint+MASDebugAdditions.m */ = {isa = PBXFileReference; fileEncoding = 4; lastKnownFileType = sourcecode.c.objc; path = "NSLayoutConstraint+MASDebugAdditions.m"; sourceTree = "<group>"; };
		E1F7A13A1E20B8A800ABDE49 /* View+MASAdditions.h */ = {isa = PBXFileReference; fileEncoding = 4; lastKnownFileType = sourcecode.c.h; path = "View+MASAdditions.h"; sourceTree = "<group>"; };
		E1F7A13B1E20B8A800ABDE49 /* View+MASAdditions.m */ = {isa = PBXFileReference; fileEncoding = 4; lastKnownFileType = sourcecode.c.objc; path = "View+MASAdditions.m"; sourceTree = "<group>"; };
		E1F7A13C1E20B8A800ABDE49 /* View+MASShorthandAdditions.h */ = {isa = PBXFileReference; fileEncoding = 4; lastKnownFileType = sourcecode.c.h; path = "View+MASShorthandAdditions.h"; sourceTree = "<group>"; };
		E1F7A13E1E20B8A800ABDE49 /* MJArgument.h */ = {isa = PBXFileReference; fileEncoding = 4; lastKnownFileType = sourcecode.c.h; path = MJArgument.h; sourceTree = "<group>"; };
		E1F7A13F1E20B8A800ABDE49 /* MJArgument.m */ = {isa = PBXFileReference; fileEncoding = 4; lastKnownFileType = sourcecode.c.objc; path = MJArgument.m; sourceTree = "<group>"; };
		E1F7A1401E20B8A800ABDE49 /* MJConst.h */ = {isa = PBXFileReference; fileEncoding = 4; lastKnownFileType = sourcecode.c.h; path = MJConst.h; sourceTree = "<group>"; };
		E1F7A1411E20B8A800ABDE49 /* MJConst.m */ = {isa = PBXFileReference; fileEncoding = 4; lastKnownFileType = sourcecode.c.objc; path = MJConst.m; sourceTree = "<group>"; };
		E1F7A1421E20B8A800ABDE49 /* MJExtension.h */ = {isa = PBXFileReference; fileEncoding = 4; lastKnownFileType = sourcecode.c.h; path = MJExtension.h; sourceTree = "<group>"; };
		E1F7A1431E20B8A800ABDE49 /* MJFoundation.h */ = {isa = PBXFileReference; fileEncoding = 4; lastKnownFileType = sourcecode.c.h; path = MJFoundation.h; sourceTree = "<group>"; };
		E1F7A1441E20B8A800ABDE49 /* MJFoundation.m */ = {isa = PBXFileReference; fileEncoding = 4; lastKnownFileType = sourcecode.c.objc; path = MJFoundation.m; sourceTree = "<group>"; };
		E1F7A1451E20B8A800ABDE49 /* MJIvar.h */ = {isa = PBXFileReference; fileEncoding = 4; lastKnownFileType = sourcecode.c.h; path = MJIvar.h; sourceTree = "<group>"; };
		E1F7A1461E20B8A800ABDE49 /* MJIvar.m */ = {isa = PBXFileReference; fileEncoding = 4; lastKnownFileType = sourcecode.c.objc; path = MJIvar.m; sourceTree = "<group>"; };
		E1F7A1471E20B8A800ABDE49 /* MJMember.h */ = {isa = PBXFileReference; fileEncoding = 4; lastKnownFileType = sourcecode.c.h; path = MJMember.h; sourceTree = "<group>"; };
		E1F7A1481E20B8A800ABDE49 /* MJMember.m */ = {isa = PBXFileReference; fileEncoding = 4; lastKnownFileType = sourcecode.c.objc; path = MJMember.m; sourceTree = "<group>"; };
		E1F7A1491E20B8A800ABDE49 /* MJMethod.h */ = {isa = PBXFileReference; fileEncoding = 4; lastKnownFileType = sourcecode.c.h; path = MJMethod.h; sourceTree = "<group>"; };
		E1F7A14A1E20B8A800ABDE49 /* MJMethod.m */ = {isa = PBXFileReference; fileEncoding = 4; lastKnownFileType = sourcecode.c.objc; path = MJMethod.m; sourceTree = "<group>"; };
		E1F7A14B1E20B8A800ABDE49 /* MJType.h */ = {isa = PBXFileReference; fileEncoding = 4; lastKnownFileType = sourcecode.c.h; path = MJType.h; sourceTree = "<group>"; };
		E1F7A14C1E20B8A800ABDE49 /* MJType.m */ = {isa = PBXFileReference; fileEncoding = 4; lastKnownFileType = sourcecode.c.objc; path = MJType.m; sourceTree = "<group>"; };
		E1F7A14D1E20B8A800ABDE49 /* MJTypeEncoding.h */ = {isa = PBXFileReference; fileEncoding = 4; lastKnownFileType = sourcecode.c.h; path = MJTypeEncoding.h; sourceTree = "<group>"; };
		E1F7A14E1E20B8A800ABDE49 /* MJTypeEncoding.m */ = {isa = PBXFileReference; fileEncoding = 4; lastKnownFileType = sourcecode.c.objc; path = MJTypeEncoding.m; sourceTree = "<group>"; };
		E1F7A14F1E20B8A800ABDE49 /* NSObject+MJCoding.h */ = {isa = PBXFileReference; fileEncoding = 4; lastKnownFileType = sourcecode.c.h; path = "NSObject+MJCoding.h"; sourceTree = "<group>"; };
		E1F7A1501E20B8A800ABDE49 /* NSObject+MJCoding.m */ = {isa = PBXFileReference; fileEncoding = 4; lastKnownFileType = sourcecode.c.objc; path = "NSObject+MJCoding.m"; sourceTree = "<group>"; };
		E1F7A1511E20B8A800ABDE49 /* NSObject+MJKeyValue.h */ = {isa = PBXFileReference; fileEncoding = 4; lastKnownFileType = sourcecode.c.h; path = "NSObject+MJKeyValue.h"; sourceTree = "<group>"; };
		E1F7A1521E20B8A800ABDE49 /* NSObject+MJKeyValue.m */ = {isa = PBXFileReference; fileEncoding = 4; lastKnownFileType = sourcecode.c.objc; path = "NSObject+MJKeyValue.m"; sourceTree = "<group>"; };
		E1F7A1531E20B8A800ABDE49 /* NSObject+MJMember.h */ = {isa = PBXFileReference; fileEncoding = 4; lastKnownFileType = sourcecode.c.h; path = "NSObject+MJMember.h"; sourceTree = "<group>"; };
		E1F7A1541E20B8A800ABDE49 /* NSObject+MJMember.m */ = {isa = PBXFileReference; fileEncoding = 4; lastKnownFileType = sourcecode.c.objc; path = "NSObject+MJMember.m"; sourceTree = "<group>"; };
		E1F7A16A1E20B92A00ABDE49 /* DKHomeModelTool.h */ = {isa = PBXFileReference; fileEncoding = 4; lastKnownFileType = sourcecode.c.h; path = DKHomeModelTool.h; sourceTree = "<group>"; };
		E1F7A16B1E20B92A00ABDE49 /* DKHomeModelTool.m */ = {isa = PBXFileReference; fileEncoding = 4; lastKnownFileType = sourcecode.c.objc; path = DKHomeModelTool.m; sourceTree = "<group>"; };
		E1F7A16D1E20D67F00ABDE49 /* DKHomeMainTableViewCell.h */ = {isa = PBXFileReference; fileEncoding = 4; lastKnownFileType = sourcecode.c.h; path = DKHomeMainTableViewCell.h; sourceTree = "<group>"; };
		E1F7A16E1E20D67F00ABDE49 /* DKHomeMainTableViewCell.m */ = {isa = PBXFileReference; fileEncoding = 4; lastKnownFileType = sourcecode.c.objc; path = DKHomeMainTableViewCell.m; sourceTree = "<group>"; };
		E1F7A1701E20D68A00ABDE49 /* DKHomeSubTableViewCell.h */ = {isa = PBXFileReference; fileEncoding = 4; lastKnownFileType = sourcecode.c.h; path = DKHomeSubTableViewCell.h; sourceTree = "<group>"; };
		E1F7A1711E20D68A00ABDE49 /* DKHomeSubTableViewCell.m */ = {isa = PBXFileReference; fileEncoding = 4; lastKnownFileType = sourcecode.c.objc; path = DKHomeSubTableViewCell.m; sourceTree = "<group>"; };
		E1F7A1731E20DD9400ABDE49 /* DKHomeAddressViewController.h */ = {isa = PBXFileReference; fileEncoding = 4; lastKnownFileType = sourcecode.c.h; path = DKHomeAddressViewController.h; sourceTree = "<group>"; };
		E1F7A1741E20DD9400ABDE49 /* DKHomeAddressViewController.m */ = {isa = PBXFileReference; fileEncoding = 4; lastKnownFileType = sourcecode.c.objc; path = DKHomeAddressViewController.m; sourceTree = "<group>"; };
		E1F7A1761E20DE4900ABDE49 /* DKHomeAddressViewController.xib */ = {isa = PBXFileReference; fileEncoding = 4; lastKnownFileType = file.xib; path = DKHomeAddressViewController.xib; sourceTree = "<group>"; };
		E1F7A1781E20E73400ABDE49 /* DKHomeCityViewController.h */ = {isa = PBXFileReference; fileEncoding = 4; lastKnownFileType = sourcecode.c.h; path = DKHomeCityViewController.h; sourceTree = "<group>"; };
		E1F7A1791E20E73400ABDE49 /* DKHomeCityViewController.m */ = {isa = PBXFileReference; fileEncoding = 4; lastKnownFileType = sourcecode.c.objc; path = DKHomeCityViewController.m; sourceTree = "<group>"; };
		E1F7A17A1E20E73400ABDE49 /* DKHomeCityViewController.xib */ = {isa = PBXFileReference; fileEncoding = 4; lastKnownFileType = file.xib; path = DKHomeCityViewController.xib; sourceTree = "<group>"; };
		E1F7A17F1E20F1C800ABDE49 /* DKCityModel.h */ = {isa = PBXFileReference; fileEncoding = 4; lastKnownFileType = sourcecode.c.h; path = DKCityModel.h; sourceTree = "<group>"; };
		E1F7A1801E20F1C800ABDE49 /* DKCityModel.m */ = {isa = PBXFileReference; fileEncoding = 4; lastKnownFileType = sourcecode.c.objc; path = DKCityModel.m; sourceTree = "<group>"; };
		E1F7A1821E20F2BE00ABDE49 /* DKCityRegion.h */ = {isa = PBXFileReference; fileEncoding = 4; lastKnownFileType = sourcecode.c.h; path = DKCityRegion.h; sourceTree = "<group>"; };
		E1F7A1831E20F2BE00ABDE49 /* DKCityRegion.m */ = {isa = PBXFileReference; fileEncoding = 4; lastKnownFileType = sourcecode.c.objc; path = DKCityRegion.m; sourceTree = "<group>"; };
		E1F7A1851E20FA3800ABDE49 /* DKCityGroupModel.h */ = {isa = PBXFileReference; fileEncoding = 4; lastKnownFileType = sourcecode.c.h; path = DKCityGroupModel.h; sourceTree = "<group>"; };
		E1F7A1861E20FA3800ABDE49 /* DKCityGroupModel.m */ = {isa = PBXFileReference; fileEncoding = 4; lastKnownFileType = sourcecode.c.objc; path = DKCityGroupModel.m; sourceTree = "<group>"; };
		E1F7A1881E21179B00ABDE49 /* DKHomeSearchResultTableViewController.h */ = {isa = PBXFileReference; fileEncoding = 4; lastKnownFileType = sourcecode.c.h; path = DKHomeSearchResultTableViewController.h; sourceTree = "<group>"; };
		E1F7A1891E21179B00ABDE49 /* DKHomeSearchResultTableViewController.m */ = {isa = PBXFileReference; fileEncoding = 4; lastKnownFileType = sourcecode.c.objc; path = DKHomeSearchResultTableViewController.m; sourceTree = "<group>"; };
		E1F7A18B1E2119C400ABDE49 /* Foundation+Log.m */ = {isa = PBXFileReference; fileEncoding = 4; lastKnownFileType = sourcecode.c.objc; path = "Foundation+Log.m"; sourceTree = "<group>"; };
		E1F7A18C1E2119C400ABDE49 /* UIView+AutoLayout.h */ = {isa = PBXFileReference; fileEncoding = 4; lastKnownFileType = sourcecode.c.h; path = "UIView+AutoLayout.h"; sourceTree = "<group>"; };
		E1F7A18D1E2119C400ABDE49 /* UIView+AutoLayout.m */ = {isa = PBXFileReference; fileEncoding = 4; lastKnownFileType = sourcecode.c.objc; path = "UIView+AutoLayout.m"; sourceTree = "<group>"; };
		E1FCCB3A1E319A3C003C612B /* MTDetailViewController.xib */ = {isa = PBXFileReference; fileEncoding = 4; lastKnownFileType = file.xib; path = MTDetailViewController.xib; sourceTree = "<group>"; };
/* End PBXFileReference section */

/* Begin PBXFrameworksBuildPhase section */
		E1D0EB201E1B7E86000C9541 /* Frameworks */ = {
			isa = PBXFrameworksBuildPhase;
			buildActionMask = 2147483647;
			files = (
				E16BBF7E1E30C35B00B59BF5 /* libsqlite3.0.tbd in Frameworks */,
			);
			runOnlyForDeploymentPostprocessing = 0;
		};
/* End PBXFrameworksBuildPhase section */

/* Begin PBXGroup section */
		E104CFC01E2A45FB006BD965 /* SDWebImage */ = {
			isa = PBXGroup;
			children = (
				E104CFC11E2A45FB006BD965 /* MKAnnotationView+WebCache.h */,
				E104CFC21E2A45FB006BD965 /* MKAnnotationView+WebCache.m */,
				E104CFC31E2A45FB006BD965 /* NSData+ImageContentType.h */,
				E104CFC41E2A45FB006BD965 /* NSData+ImageContentType.m */,
				E104CFC51E2A45FB006BD965 /* SDImageCache.h */,
				E104CFC61E2A45FB006BD965 /* SDImageCache.m */,
				E104CFC71E2A45FB006BD965 /* SDWebImageCompat.h */,
				E104CFC81E2A45FB006BD965 /* SDWebImageCompat.m */,
				E104CFC91E2A45FB006BD965 /* SDWebImageDecoder.h */,
				E104CFCA1E2A45FB006BD965 /* SDWebImageDecoder.m */,
				E104CFCB1E2A45FB006BD965 /* SDWebImageDownloader.h */,
				E104CFCC1E2A45FB006BD965 /* SDWebImageDownloader.m */,
				E104CFCD1E2A45FB006BD965 /* SDWebImageDownloaderOperation.h */,
				E104CFCE1E2A45FB006BD965 /* SDWebImageDownloaderOperation.m */,
				E104CFCF1E2A45FB006BD965 /* SDWebImageManager.h */,
				E104CFD01E2A45FB006BD965 /* SDWebImageManager.m */,
				E104CFD11E2A45FB006BD965 /* SDWebImageOperation.h */,
				E104CFD21E2A45FB006BD965 /* SDWebImagePrefetcher.h */,
				E104CFD31E2A45FB006BD965 /* SDWebImagePrefetcher.m */,
				E104CFD41E2A45FB006BD965 /* UIButton+WebCache.h */,
				E104CFD51E2A45FB006BD965 /* UIButton+WebCache.m */,
				E104CFD61E2A45FB006BD965 /* UIImage+GIF.h */,
				E104CFD71E2A45FB006BD965 /* UIImage+GIF.m */,
				E104CFD81E2A45FB006BD965 /* UIImage+MultiFormat.h */,
				E104CFD91E2A45FB006BD965 /* UIImage+MultiFormat.m */,
				E104CFDA1E2A45FB006BD965 /* UIImage+WebP.h */,
				E104CFDB1E2A45FB006BD965 /* UIImage+WebP.m */,
				E104CFDC1E2A45FB006BD965 /* UIImageView+HighlightedWebCache.h */,
				E104CFDD1E2A45FB006BD965 /* UIImageView+HighlightedWebCache.m */,
				E104CFDE1E2A45FB006BD965 /* UIImageView+WebCache.h */,
				E104CFDF1E2A45FB006BD965 /* UIImageView+WebCache.m */,
				E104CFE01E2A45FB006BD965 /* UIView+WebCacheOperation.h */,
				E104CFE11E2A45FB006BD965 /* UIView+WebCacheOperation.m */,
			);
			path = SDWebImage;
			sourceTree = "<group>";
		};
		E104CFF21E2A4602006BD965 /* MBProgressHUD */ = {
			isa = PBXGroup;
			children = (
				E104CFF31E2A4602006BD965 /* MBProgressHUD+MJ.h */,
				E104CFF41E2A4602006BD965 /* MBProgressHUD+MJ.m */,
				E104CFF51E2A4602006BD965 /* MBProgressHUD.bundle */,
				E104CFF61E2A4602006BD965 /* MBProgressHUD.h */,
				E104CFF71E2A4602006BD965 /* MBProgressHUD.m */,
			);
			path = MBProgressHUD;
			sourceTree = "<group>";
		};
		E104CFFB1E2A4609006BD965 /* MJRefresh */ = {
			isa = PBXGroup;
			children = (
				E104CFFC1E2A4609006BD965 /* MJRefresh.bundle */,
				E104CFFD1E2A4609006BD965 /* MJRefresh.h */,
				E104CFFE1E2A4609006BD965 /* MJRefreshBaseView.h */,
				E104CFFF1E2A4609006BD965 /* MJRefreshBaseView.m */,
				E104D0001E2A4609006BD965 /* MJRefreshConst.h */,
				E104D0011E2A4609006BD965 /* MJRefreshConst.m */,
				E104D0021E2A4609006BD965 /* MJRefreshFooterView.h */,
				E104D0031E2A4609006BD965 /* MJRefreshFooterView.m */,
				E104D0041E2A4609006BD965 /* MJRefreshHeaderView.h */,
				E104D0051E2A4609006BD965 /* MJRefreshHeaderView.m */,
				E104D0061E2A4609006BD965 /* UIScrollView+MJExtension.h */,
				E104D0071E2A4609006BD965 /* UIScrollView+MJExtension.m */,
				E104D0081E2A4609006BD965 /* UIScrollView+MJRefresh.h */,
				E104D0091E2A4609006BD965 /* UIScrollView+MJRefresh.m */,
				E104D00A1E2A4609006BD965 /* UIView+MJExtension.h */,
				E104D00B1E2A4609006BD965 /* UIView+MJExtension.m */,
			);
			path = MJRefresh;
			sourceTree = "<group>";
		};
		E104D0141E2A4618006BD965 /* AwesomeMenu */ = {
			isa = PBXGroup;
			children = (
				E104D0151E2A4618006BD965 /* AwesomeMenu.h */,
				E104D0161E2A4618006BD965 /* AwesomeMenu.m */,
				E104D0171E2A4618006BD965 /* AwesomeMenuItem.h */,
				E104D0181E2A4619006BD965 /* AwesomeMenuItem.m */,
			);
			path = AwesomeMenu;
			sourceTree = "<group>";
		};
		E106229E1E1CD7BD0082221F /* common */ = {
			isa = PBXGroup;
			children = (
				E106229F1E1CD7CC0082221F /* DKConst.h */,
				E10622A01E1CD7CC0082221F /* DKConst.m */,
				E10622A61E1CEC250082221F /* Extension */,
			);
			name = common;
			sourceTree = "<group>";
		};
		E10622A61E1CEC250082221F /* Extension */ = {
			isa = PBXGroup;
			children = (
				E1F7A18B1E2119C400ABDE49 /* Foundation+Log.m */,
				E1F7A18C1E2119C400ABDE49 /* UIView+AutoLayout.h */,
				E1F7A18D1E2119C400ABDE49 /* UIView+AutoLayout.m */,
				E10622A71E1CEC840082221F /* UIView+Extension.h */,
				E10622A81E1CEC840082221F /* UIView+Extension.m */,
				E10622A31E1CEC200082221F /* UIBarButtonItem+Extension.h */,
				E10622A41E1CEC200082221F /* UIBarButtonItem+Extension.m */,
			);
			name = Extension;
			sourceTree = "<group>";
		};
		E15DF27C1E30BEB200D9837F /* Detail */ = {
			isa = PBXGroup;
			children = (
				E15DF2871E30C18B00D9837F /* Tool */,
				E15DF2841E30C06900D9837F /* MTRestrictions.h */,
				E15DF2851E30C06900D9837F /* MTRestrictions.m */,
				E15DF27E1E30BEEE00D9837F /* Controller */,
			);
			name = Detail;
			sourceTree = "<group>";
		};
		E15DF27E1E30BEEE00D9837F /* Controller */ = {
			isa = PBXGroup;
			children = (
				E1FCCB3A1E319A3C003C612B /* MTDetailViewController.xib */,
				E15DF27F1E30BEEE00D9837F /* MTDetailViewController.h */,
				E15DF2801E30BEEE00D9837F /* MTDetailViewController.m */,
			);
			path = Controller;
			sourceTree = "<group>";
		};
		E15DF2871E30C18B00D9837F /* Tool */ = {
			isa = PBXGroup;
			children = (
				E15DF28B1E30C1C200D9837F /* MTDealTool.h */,
				E15DF28C1E30C1C200D9837F /* MTDealTool.m */,
			);
			path = Tool;
			sourceTree = "<group>";
		};
		E15DF28E1E30C1F500D9837F /* fmdb */ = {
			isa = PBXGroup;
			children = (
				E15DF28F1E30C1F500D9837F /* FMDatabase.h */,
				E15DF2901E30C1F500D9837F /* FMDatabase.m */,
				E15DF2911E30C1F500D9837F /* FMDatabaseAdditions.h */,
				E15DF2921E30C1F500D9837F /* FMDatabaseAdditions.m */,
				E15DF2931E30C1F500D9837F /* FMDatabasePool.h */,
				E15DF2941E30C1F500D9837F /* FMDatabasePool.m */,
				E15DF2951E30C1F500D9837F /* FMDatabaseQueue.h */,
				E15DF2961E30C1F500D9837F /* FMDatabaseQueue.m */,
				E15DF2971E30C1F500D9837F /* FMDB.h */,
				E15DF2981E30C1F500D9837F /* FMResultSet.h */,
				E15DF2991E30C1F500D9837F /* FMResultSet.m */,
			);
			path = fmdb;
			sourceTree = "<group>";
		};
		E16BBF7C1E30C35B00B59BF5 /* Frameworks */ = {
			isa = PBXGroup;
			children = (
				E16BBF7D1E30C35B00B59BF5 /* libsqlite3.0.tbd */,
			);
			name = Frameworks;
			sourceTree = "<group>";
		};
		E1A8FC511E227BD300D02AAA /* dianpingapi */ = {
			isa = PBXGroup;
			children = (
				E1A8FC521E227BD300D02AAA /* DPAPI.h */,
				E1A8FC531E227BD300D02AAA /* DPAPI.m */,
				E1A8FC541E227BD300D02AAA /* DPConstants.h */,
				E1A8FC551E227BD300D02AAA /* DPRequest.h */,
				E1A8FC561E227BD300D02AAA /* DPRequest.m */,
			);
			path = dianpingapi;
			sourceTree = "<group>";
		};
		E1D0EB1A1E1B7E86000C9541 = {
			isa = PBXGroup;
			children = (
				E1D0EB251E1B7E87000C9541 /* DKMeituanHD */,
				E1D0EB241E1B7E87000C9541 /* Products */,
				E16BBF7C1E30C35B00B59BF5 /* Frameworks */,
			);
			sourceTree = "<group>";
		};
		E1D0EB241E1B7E87000C9541 /* Products */ = {
			isa = PBXGroup;
			children = (
				E1D0EB231E1B7E87000C9541 /* DKMeituanHD.app */,
			);
			name = Products;
			sourceTree = "<group>";
		};
		E1D0EB251E1B7E87000C9541 /* DKMeituanHD */ = {
			isa = PBXGroup;
			children = (
				E15DF27C1E30BEB200D9837F /* Detail */,
				E1F024381E2B9B9D007E801F /* Collect */,
				E1F024371E2B9B97007E801F /* Recent */,
				E1F0242F1E2B7085007E801F /* Main */,
				E1F0242B1E2B68F0007E801F /* search */,
				E1F4FA151E1E3F9800DBB3A3 /* Home */,
				E1D0EB261E1B7E87000C9541 /* Supporting Files */,
			);
			path = DKMeituanHD;
			sourceTree = "<group>";
		};
		E1D0EB261E1B7E87000C9541 /* Supporting Files */ = {
			isa = PBXGroup;
			children = (
				E1F7A1161E20B55300ABDE49 /* res */,
				E1D0EB291E1B7E87000C9541 /* AppDelegate.h */,
				E1D0EB2A1E1B7E87000C9541 /* AppDelegate.m */,
				E1D0EB2C1E1B7E87000C9541 /* ViewController.h */,
				E1D0EB2D1E1B7E87000C9541 /* ViewController.m */,
				E1D0EB321E1B7E87000C9541 /* Assets.xcassets */,
				E1D0EB371E1B7E87000C9541 /* Info.plist */,
				E1D0EB271E1B7E87000C9541 /* main.m */,
			);
			name = "Supporting Files";
			sourceTree = "<group>";
		};
		E1D0EB3D1E1B81C9000C9541 /* Control */ = {
			isa = PBXGroup;
			children = (
				E1D0EB3E1E1BA1CA000C9541 /* DKHomeCollectionViewController.h */,
				E1D0EB3F1E1BA1CA000C9541 /* DKHomeCollectionViewController.m */,
				E1F7A1131E20AF2800ABDE49 /* DKCategoryViewController.h */,
				E1F7A1881E21179B00ABDE49 /* DKHomeSearchResultTableViewController.h */,
				E1A8FC4B1E2244B800D02AAA /* DKHomeSortViewController.h */,
				E1A8FC4C1E2244B800D02AAA /* DKHomeSortViewController.m */,
				E1F7A1891E21179B00ABDE49 /* DKHomeSearchResultTableViewController.m */,
				E1F7A1781E20E73400ABDE49 /* DKHomeCityViewController.h */,
				E1F7A1791E20E73400ABDE49 /* DKHomeCityViewController.m */,
				E1F7A17A1E20E73400ABDE49 /* DKHomeCityViewController.xib */,
				E1F7A1141E20AF2800ABDE49 /* DKCategoryViewController.m */,
				E1F7A1731E20DD9400ABDE49 /* DKHomeAddressViewController.h */,
				E1F7A1761E20DE4900ABDE49 /* DKHomeAddressViewController.xib */,
				E1F7A1741E20DD9400ABDE49 /* DKHomeAddressViewController.m */,
			);
			name = Control;
			sourceTree = "<group>";
		};
		E1F0242B1E2B68F0007E801F /* search */ = {
			isa = PBXGroup;
			children = (
				E1F0242C1E2B6A0A007E801F /* DKSearchCollectionViewController.h */,
				E1F0242D1E2B6A0A007E801F /* DKSearchCollectionViewController.m */,
			);
			name = search;
			sourceTree = "<group>";
		};
		E1F0242F1E2B7085007E801F /* Main */ = {
			isa = PBXGroup;
			children = (
				E1F024301E2B70A2007E801F /* Controller */,
				E106229E1E1CD7BD0082221F /* common */,
				E1F7A1241E20B88900ABDE49 /* Lib */,
			);
			name = Main;
			sourceTree = "<group>";
		};
		E1F024301E2B70A2007E801F /* Controller */ = {
			isa = PBXGroup;
			children = (
				E1F024341E2B7287007E801F /* DKDealsCollectionViewController.h */,
				E1F024351E2B7287007E801F /* DKDealsCollectionViewController.m */,
				E106229B1E1CD1C50082221F /* DKNavigationViewController.h */,
				E106229C1E1CD1C50082221F /* DKNavigationViewController.m */,
			);
			name = Controller;
			sourceTree = "<group>";
		};
		E1F024371E2B9B97007E801F /* Recent */ = {
			isa = PBXGroup;
			children = (
				E1F024391E2B9D87007E801F /* Control */,
			);
			name = Recent;
			sourceTree = "<group>";
		};
		E1F024381E2B9B9D007E801F /* Collect */ = {
			isa = PBXGroup;
			children = (
				E1F0243D1E2B9D99007E801F /* Control */,
			);
			name = Collect;
			sourceTree = "<group>";
		};
		E1F024391E2B9D87007E801F /* Control */ = {
			isa = PBXGroup;
			children = (
				E1F0243E1E2B9DA8007E801F /* DKRecentCollectionViewController.h */,
				E1F0243F1E2B9DA8007E801F /* DKRecentCollectionViewController.m */,
			);
			name = Control;
			sourceTree = "<group>";
		};
		E1F0243D1E2B9D99007E801F /* Control */ = {
			isa = PBXGroup;
			children = (
				E1F0243A1E2B9D95007E801F /* DKCollectCollectionViewController.h */,
				E1F0243B1E2B9D95007E801F /* DKCollectCollectionViewController.m */,
			);
			name = Control;
			sourceTree = "<group>";
		};
		E1F4FA141E1E3F8E00DBB3A3 /* View */ = {
			isa = PBXGroup;
			children = (
				E104CFBB1E2A456A006BD965 /* DKDealCell.h */,
				E1F024281E2B1581007E801F /* DKCenterLineLabel.h */,
				E1F024291E2B1581007E801F /* DKCenterLineLabel.m */,
				E104CFBC1E2A456A006BD965 /* DKDealCell.m */,
				E104CFBD1E2A456A006BD965 /* DKDealCell.xib */,
				E1F4FA161E1E3FD800DBB3A3 /* DKHomeTopItem.h */,
				E1F4FA171E1E3FD800DBB3A3 /* DKHomeTopItem.m */,
				E1F7A16D1E20D67F00ABDE49 /* DKHomeMainTableViewCell.h */,
				E1F7A16E1E20D67F00ABDE49 /* DKHomeMainTableViewCell.m */,
				E1F7A1701E20D68A00ABDE49 /* DKHomeSubTableViewCell.h */,
				E1A8FC4E1E224EF900D02AAA /* DKHomeSortButton.h */,
				E1A8FC4F1E224EF900D02AAA /* DKHomeSortButton.m */,
				E1F7A1711E20D68A00ABDE49 /* DKHomeSubTableViewCell.m */,
				E1F7A10E1E20A31400ABDE49 /* DKHomeDropdownView.h */,
				E1F7A1111E20A36800ABDE49 /* DKHomeDropdownView.xib */,
				E1F7A10F1E20A31400ABDE49 /* DKHomeDropdownView.m */,
				E1F4FA191E1E400E00DBB3A3 /* DKHomeTopItem.xib */,
			);
			name = View;
			sourceTree = "<group>";
		};
		E1F4FA151E1E3F9800DBB3A3 /* Home */ = {
			isa = PBXGroup;
			children = (
				E1F7A1691E20B91200ABDE49 /* tool */,
				E1F7A1201E20B62D00ABDE49 /* Model */,
				E1F4FA141E1E3F8E00DBB3A3 /* View */,
				E1D0EB3D1E1B81C9000C9541 /* Control */,
			);
			name = Home;
			sourceTree = "<group>";
		};
		E1F7A1161E20B55300ABDE49 /* res */ = {
			isa = PBXGroup;
			children = (
				E1F7A1171E20B55C00ABDE49 /* Plist */,
			);
			name = res;
			sourceTree = "<group>";
		};
		E1F7A1171E20B55C00ABDE49 /* Plist */ = {
			isa = PBXGroup;
			children = (
				E1F7A1181E20B55C00ABDE49 /* categories.plist */,
				E1F7A1191E20B55C00ABDE49 /* cities.plist */,
				E1F7A11A1E20B55C00ABDE49 /* cityGroups.plist */,
				E1F7A11B1E20B55C00ABDE49 /* sorts.plist */,
			);
			path = Plist;
			sourceTree = "<group>";
		};
		E1F7A1201E20B62D00ABDE49 /* Model */ = {
			isa = PBXGroup;
			children = (
				E1F7A1211E20B65700ABDE49 /* DKCategoryModel.h */,
				E1F7A17F1E20F1C800ABDE49 /* DKCityModel.h */,
				E1A8FC481E2243B900D02AAA /* DKHomeSortModel.h */,
				E1A8FC491E2243B900D02AAA /* DKHomeSortModel.m */,
				E1F7A1801E20F1C800ABDE49 /* DKCityModel.m */,
				E104CFB81E2A3FAA006BD965 /* DKDeal.h */,
				E104CFB91E2A3FAA006BD965 /* DKDeal.m */,
				E1F7A1821E20F2BE00ABDE49 /* DKCityRegion.h */,
				E1F7A1851E20FA3800ABDE49 /* DKCityGroupModel.h */,
				E1F7A1861E20FA3800ABDE49 /* DKCityGroupModel.m */,
				E1F7A1831E20F2BE00ABDE49 /* DKCityRegion.m */,
				E1F7A1221E20B65700ABDE49 /* DKCategoryModel.m */,
			);
			name = Model;
			sourceTree = "<group>";
		};
		E1F7A1241E20B88900ABDE49 /* Lib */ = {
			isa = PBXGroup;
			children = (
				E15DF28E1E30C1F500D9837F /* fmdb */,
				E104D0141E2A4618006BD965 /* AwesomeMenu */,
				E104CFFB1E2A4609006BD965 /* MJRefresh */,
				E104CFF21E2A4602006BD965 /* MBProgressHUD */,
				E104CFC01E2A45FB006BD965 /* SDWebImage */,
				E1A8FC511E227BD300D02AAA /* dianpingapi */,
				E1F7A1251E20B8A800ABDE49 /* Masonry */,
				E1F7A13D1E20B8A800ABDE49 /* MJExtension */,
			);
			name = Lib;
			sourceTree = "<group>";
		};
		E1F7A1251E20B8A800ABDE49 /* Masonry */ = {
			isa = PBXGroup;
			children = (
				E1F7A1261E20B8A800ABDE49 /* MASCompositeConstraint.h */,
				E1F7A1271E20B8A800ABDE49 /* MASCompositeConstraint.m */,
				E1F7A1281E20B8A800ABDE49 /* MASConstraint+Private.h */,
				E1F7A1291E20B8A800ABDE49 /* MASConstraint.h */,
				E1F7A12A1E20B8A800ABDE49 /* MASConstraint.m */,
				E1F7A12B1E20B8A800ABDE49 /* MASConstraintMaker.h */,
				E1F7A12C1E20B8A800ABDE49 /* MASConstraintMaker.m */,
				E1F7A12D1E20B8A800ABDE49 /* MASLayoutConstraint.h */,
				E1F7A12E1E20B8A800ABDE49 /* MASLayoutConstraint.m */,
				E1F7A12F1E20B8A800ABDE49 /* Masonry.h */,
				E1F7A1301E20B8A800ABDE49 /* MASUtilities.h */,
				E1F7A1311E20B8A800ABDE49 /* MASViewAttribute.h */,
				E1F7A1321E20B8A800ABDE49 /* MASViewAttribute.m */,
				E1F7A1331E20B8A800ABDE49 /* MASViewConstraint.h */,
				E1F7A1341E20B8A800ABDE49 /* MASViewConstraint.m */,
				E1F7A1351E20B8A800ABDE49 /* NSArray+MASAdditions.h */,
				E1F7A1361E20B8A800ABDE49 /* NSArray+MASAdditions.m */,
				E1F7A1371E20B8A800ABDE49 /* NSArray+MASShorthandAdditions.h */,
				E1F7A1381E20B8A800ABDE49 /* NSLayoutConstraint+MASDebugAdditions.h */,
				E1F7A1391E20B8A800ABDE49 /* NSLayoutConstraint+MASDebugAdditions.m */,
				E1F7A13A1E20B8A800ABDE49 /* View+MASAdditions.h */,
				E1F7A13B1E20B8A800ABDE49 /* View+MASAdditions.m */,
				E1F7A13C1E20B8A800ABDE49 /* View+MASShorthandAdditions.h */,
			);
			path = Masonry;
			sourceTree = "<group>";
		};
		E1F7A13D1E20B8A800ABDE49 /* MJExtension */ = {
			isa = PBXGroup;
			children = (
				E1F7A13E1E20B8A800ABDE49 /* MJArgument.h */,
				E1F7A13F1E20B8A800ABDE49 /* MJArgument.m */,
				E1F7A1401E20B8A800ABDE49 /* MJConst.h */,
				E1F7A1411E20B8A800ABDE49 /* MJConst.m */,
				E1F7A1421E20B8A800ABDE49 /* MJExtension.h */,
				E1F7A1431E20B8A800ABDE49 /* MJFoundation.h */,
				E1F7A1441E20B8A800ABDE49 /* MJFoundation.m */,
				E1F7A1451E20B8A800ABDE49 /* MJIvar.h */,
				E1F7A1461E20B8A800ABDE49 /* MJIvar.m */,
				E1F7A1471E20B8A800ABDE49 /* MJMember.h */,
				E1F7A1481E20B8A800ABDE49 /* MJMember.m */,
				E1F7A1491E20B8A800ABDE49 /* MJMethod.h */,
				E1F7A14A1E20B8A800ABDE49 /* MJMethod.m */,
				E1F7A14B1E20B8A800ABDE49 /* MJType.h */,
				E1F7A14C1E20B8A800ABDE49 /* MJType.m */,
				E1F7A14D1E20B8A800ABDE49 /* MJTypeEncoding.h */,
				E1F7A14E1E20B8A800ABDE49 /* MJTypeEncoding.m */,
				E1F7A14F1E20B8A800ABDE49 /* NSObject+MJCoding.h */,
				E1F7A1501E20B8A800ABDE49 /* NSObject+MJCoding.m */,
				E1F7A1511E20B8A800ABDE49 /* NSObject+MJKeyValue.h */,
				E1F7A1521E20B8A800ABDE49 /* NSObject+MJKeyValue.m */,
				E1F7A1531E20B8A800ABDE49 /* NSObject+MJMember.h */,
				E1F7A1541E20B8A800ABDE49 /* NSObject+MJMember.m */,
			);
			path = MJExtension;
			sourceTree = "<group>";
		};
		E1F7A1691E20B91200ABDE49 /* tool */ = {
			isa = PBXGroup;
			children = (
				E1F7A16A1E20B92A00ABDE49 /* DKHomeModelTool.h */,
				E1F7A16B1E20B92A00ABDE49 /* DKHomeModelTool.m */,
			);
			name = tool;
			sourceTree = "<group>";
		};
/* End PBXGroup section */

/* Begin PBXNativeTarget section */
		E1D0EB221E1B7E86000C9541 /* DKMeituanHD */ = {
			isa = PBXNativeTarget;
			buildConfigurationList = E1D0EB3A1E1B7E87000C9541 /* Build configuration list for PBXNativeTarget "DKMeituanHD" */;
			buildPhases = (
				E1D0EB1F1E1B7E86000C9541 /* Sources */,
				E1D0EB201E1B7E86000C9541 /* Frameworks */,
				E1D0EB211E1B7E86000C9541 /* Resources */,
			);
			buildRules = (
			);
			dependencies = (
			);
			name = DKMeituanHD;
			productName = DKMeituanHD;
			productReference = E1D0EB231E1B7E87000C9541 /* DKMeituanHD.app */;
			productType = "com.apple.product-type.application";
		};
/* End PBXNativeTarget section */

/* Begin PBXProject section */
		E1D0EB1B1E1B7E86000C9541 /* Project object */ = {
			isa = PBXProject;
			attributes = {
				CLASSPREFIX = DK;
				LastUpgradeCheck = 0800;
				ORGANIZATIONNAME = hisun;
				TargetAttributes = {
					E1D0EB221E1B7E86000C9541 = {
						CreatedOnToolsVersion = 8.0;
						DevelopmentTeam = FUV5KWMMAV;
						ProvisioningStyle = Automatic;
					};
				};
			};
			buildConfigurationList = E1D0EB1E1E1B7E86000C9541 /* Build configuration list for PBXProject "DKMeituanHD" */;
			compatibilityVersion = "Xcode 3.2";
			developmentRegion = English;
			hasScannedForEncodings = 0;
			knownRegions = (
				en,
				Base,
			);
			mainGroup = E1D0EB1A1E1B7E86000C9541;
			productRefGroup = E1D0EB241E1B7E87000C9541 /* Products */;
			projectDirPath = "";
			projectRoot = "";
			targets = (
				E1D0EB221E1B7E86000C9541 /* DKMeituanHD */,
			);
		};
/* End PBXProject section */

/* Begin PBXResourcesBuildPhase section */
		E1D0EB211E1B7E86000C9541 /* Resources */ = {
			isa = PBXResourcesBuildPhase;
			buildActionMask = 2147483647;
			files = (
				E1F7A11C1E20B55C00ABDE49 /* categories.plist in Resources */,
				E1F7A17C1E20E73400ABDE49 /* DKHomeCityViewController.xib in Resources */,
				E104D00C1E2A4609006BD965 /* MJRefresh.bundle in Resources */,
				E1F4FA1A1E1E400E00DBB3A3 /* DKHomeTopItem.xib in Resources */,
				E1FCCB3B1E319A3C003C612B /* MTDetailViewController.xib in Resources */,
				E104CFF91E2A4602006BD965 /* MBProgressHUD.bundle in Resources */,
				E1F7A11F1E20B55C00ABDE49 /* sorts.plist in Resources */,
				E1D0EB331E1B7E87000C9541 /* Assets.xcassets in Resources */,
				E1F7A11D1E20B55C00ABDE49 /* cities.plist in Resources */,
				E1F7A1771E20DE4900ABDE49 /* DKHomeAddressViewController.xib in Resources */,
				E1F7A1121E20A36800ABDE49 /* DKHomeDropdownView.xib in Resources */,
				E104CFBF1E2A456A006BD965 /* DKDealCell.xib in Resources */,
				E1F7A11E1E20B55C00ABDE49 /* cityGroups.plist in Resources */,
			);
			runOnlyForDeploymentPostprocessing = 0;
		};
/* End PBXResourcesBuildPhase section */

/* Begin PBXSourcesBuildPhase section */
		E1D0EB1F1E1B7E86000C9541 /* Sources */ = {
			isa = PBXSourcesBuildPhase;
			buildActionMask = 2147483647;
			files = (
				E1F7A16C1E20B92A00ABDE49 /* DKHomeModelTool.m in Sources */,
				E104D01A1E2A4619006BD965 /* AwesomeMenuItem.m in Sources */,
				E1F7A1681E20B8A800ABDE49 /* NSObject+MJMember.m in Sources */,
				E104CFEF1E2A45FB006BD965 /* UIImageView+HighlightedWebCache.m in Sources */,
				E15DF2821E30BEEE00D9837F /* MTDetailViewController.m in Sources */,
				E15DF29C1E30C1F500D9837F /* FMDatabasePool.m in Sources */,
				E1F7A1621E20B8A800ABDE49 /* MJMember.m in Sources */,
				E104D00F1E2A4609006BD965 /* MJRefreshFooterView.m in Sources */,
				E104CFF11E2A45FB006BD965 /* UIView+WebCacheOperation.m in Sources */,
				E104D0191E2A4619006BD965 /* AwesomeMenu.m in Sources */,
				E104CFE81E2A45FB006BD965 /* SDWebImageDownloaderOperation.m in Sources */,
				E10622A11E1CD7CC0082221F /* DKConst.m in Sources */,
				E104CFFA1E2A4602006BD965 /* MBProgressHUD.m in Sources */,
				E1F7A15B1E20B8A800ABDE49 /* NSArray+MASAdditions.m in Sources */,
				E1A8FC4A1E2243B900D02AAA /* DKHomeSortModel.m in Sources */,
				E1F024361E2B7287007E801F /* DKDealsCollectionViewController.m in Sources */,
				E1F7A18F1E2119C400ABDE49 /* UIView+AutoLayout.m in Sources */,
				E10622A51E1CEC200082221F /* UIBarButtonItem+Extension.m in Sources */,
				E104CFBE1E2A456A006BD965 /* DKDealCell.m in Sources */,
				E1F7A1641E20B8A800ABDE49 /* MJType.m in Sources */,
				E1F7A15C1E20B8A800ABDE49 /* NSLayoutConstraint+MASDebugAdditions.m in Sources */,
				E104D0131E2A4609006BD965 /* UIView+MJExtension.m in Sources */,
				E15DF28D1E30C1C200D9837F /* MTDealTool.m in Sources */,
				E106229D1E1CD1C50082221F /* DKNavigationViewController.m in Sources */,
				E15DF29E1E30C1F500D9837F /* FMResultSet.m in Sources */,
				E1F4FA181E1E3FD800DBB3A3 /* DKHomeTopItem.m in Sources */,
				E104D0121E2A4609006BD965 /* UIScrollView+MJRefresh.m in Sources */,
				E1F7A1591E20B8A800ABDE49 /* MASViewAttribute.m in Sources */,
				E104CFE21E2A45FB006BD965 /* MKAnnotationView+WebCache.m in Sources */,
				E1F7A1581E20B8A800ABDE49 /* MASLayoutConstraint.m in Sources */,
				E1F7A1551E20B8A800ABDE49 /* MASCompositeConstraint.m in Sources */,
				E1F7A1721E20D68A00ABDE49 /* DKHomeSubTableViewCell.m in Sources */,
				E1F7A1671E20B8A800ABDE49 /* NSObject+MJKeyValue.m in Sources */,
				E1D0EB401E1BA1CA000C9541 /* DKHomeCollectionViewController.m in Sources */,
				E104D00E1E2A4609006BD965 /* MJRefreshConst.m in Sources */,
				E104CFE91E2A45FB006BD965 /* SDWebImageManager.m in Sources */,
				E1F0243C1E2B9D95007E801F /* DKCollectCollectionViewController.m in Sources */,
				E1F7A1631E20B8A800ABDE49 /* MJMethod.m in Sources */,
				E1A8FC581E227BD300D02AAA /* DPRequest.m in Sources */,
				E104CFED1E2A45FB006BD965 /* UIImage+MultiFormat.m in Sources */,
				E15DF2861E30C06900D9837F /* MTRestrictions.m in Sources */,
				E104CFEA1E2A45FB006BD965 /* SDWebImagePrefetcher.m in Sources */,
				E104CFF01E2A45FB006BD965 /* UIImageView+WebCache.m in Sources */,
				E1F7A1841E20F2BE00ABDE49 /* DKCityRegion.m in Sources */,
				E1F7A1651E20B8A800ABDE49 /* MJTypeEncoding.m in Sources */,
				E1F7A1871E20FA3800ABDE49 /* DKCityGroupModel.m in Sources */,
				E1F7A1661E20B8A800ABDE49 /* NSObject+MJCoding.m in Sources */,
				E1F7A1611E20B8A800ABDE49 /* MJIvar.m in Sources */,
				E104CFE61E2A45FB006BD965 /* SDWebImageDecoder.m in Sources */,
				E1D0EB2E1E1B7E87000C9541 /* ViewController.m in Sources */,
				E1A8FC571E227BD300D02AAA /* DPAPI.m in Sources */,
				E1F024401E2B9DA8007E801F /* DKRecentCollectionViewController.m in Sources */,
				E15DF29B1E30C1F500D9837F /* FMDatabaseAdditions.m in Sources */,
				E1A8FC4D1E2244B800D02AAA /* DKHomeSortViewController.m in Sources */,
				E15DF29A1E30C1F500D9837F /* FMDatabase.m in Sources */,
				E1F7A15E1E20B8A800ABDE49 /* MJArgument.m in Sources */,
				E104D0101E2A4609006BD965 /* MJRefreshHeaderView.m in Sources */,
				E104CFE51E2A45FB006BD965 /* SDWebImageCompat.m in Sources */,
				E1F7A15A1E20B8A800ABDE49 /* MASViewConstraint.m in Sources */,
				E104CFEB1E2A45FB006BD965 /* UIButton+WebCache.m in Sources */,
				E1F7A18A1E21179B00ABDE49 /* DKHomeSearchResultTableViewController.m in Sources */,
				E1F7A16F1E20D67F00ABDE49 /* DKHomeMainTableViewCell.m in Sources */,
				E1F7A1231E20B65700ABDE49 /* DKCategoryModel.m in Sources */,
				E1F7A15F1E20B8A800ABDE49 /* MJConst.m in Sources */,
				E1F7A18E1E2119C400ABDE49 /* Foundation+Log.m in Sources */,
				E1F7A17B1E20E73400ABDE49 /* DKHomeCityViewController.m in Sources */,
				E104CFF81E2A4602006BD965 /* MBProgressHUD+MJ.m in Sources */,
				E104CFE71E2A45FB006BD965 /* SDWebImageDownloader.m in Sources */,
				E104CFEE1E2A45FB006BD965 /* UIImage+WebP.m in Sources */,
				E1F0242E1E2B6A0A007E801F /* DKSearchCollectionViewController.m in Sources */,
				E1F7A1811E20F1C800ABDE49 /* DKCityModel.m in Sources */,
				E104CFE41E2A45FB006BD965 /* SDImageCache.m in Sources */,
				E1F7A1601E20B8A800ABDE49 /* MJFoundation.m in Sources */,
				E104D0111E2A4609006BD965 /* UIScrollView+MJExtension.m in Sources */,
				E1D0EB2B1E1B7E87000C9541 /* AppDelegate.m in Sources */,
				E1F0242A1E2B1581007E801F /* DKCenterLineLabel.m in Sources */,
				E104CFBA1E2A3FAA006BD965 /* DKDeal.m in Sources */,
				E104CFE31E2A45FB006BD965 /* NSData+ImageContentType.m in Sources */,
				E1A8FC501E224EF900D02AAA /* DKHomeSortButton.m in Sources */,
				E104CFEC1E2A45FB006BD965 /* UIImage+GIF.m in Sources */,
				E1F7A1101E20A31400ABDE49 /* DKHomeDropdownView.m in Sources */,
				E1F7A1751E20DD9400ABDE49 /* DKHomeAddressViewController.m in Sources */,
				E10622A91E1CEC840082221F /* UIView+Extension.m in Sources */,
				E1F7A1571E20B8A800ABDE49 /* MASConstraintMaker.m in Sources */,
				E1F7A1151E20AF2800ABDE49 /* DKCategoryViewController.m in Sources */,
				E15DF29D1E30C1F500D9837F /* FMDatabaseQueue.m in Sources */,
				E1F7A1561E20B8A800ABDE49 /* MASConstraint.m in Sources */,
				E104D00D1E2A4609006BD965 /* MJRefreshBaseView.m in Sources */,
				E1D0EB281E1B7E87000C9541 /* main.m in Sources */,
				E1F7A15D1E20B8A800ABDE49 /* View+MASAdditions.m in Sources */,
			);
			runOnlyForDeploymentPostprocessing = 0;
		};
/* End PBXSourcesBuildPhase section */

/* Begin XCBuildConfiguration section */
		E1D0EB381E1B7E87000C9541 /* Debug */ = {
			isa = XCBuildConfiguration;
			buildSettings = {
				ALWAYS_SEARCH_USER_PATHS = NO;
				CLANG_ANALYZER_NONNULL = YES;
				CLANG_CXX_LANGUAGE_STANDARD = "gnu++0x";
				CLANG_CXX_LIBRARY = "libc++";
				CLANG_ENABLE_MODULES = YES;
				CLANG_ENABLE_OBJC_ARC = YES;
				CLANG_WARN_BOOL_CONVERSION = YES;
				CLANG_WARN_CONSTANT_CONVERSION = YES;
				CLANG_WARN_DIRECT_OBJC_ISA_USAGE = YES_ERROR;
				CLANG_WARN_DOCUMENTATION_COMMENTS = YES;
				CLANG_WARN_EMPTY_BODY = YES;
				CLANG_WARN_ENUM_CONVERSION = YES;
				CLANG_WARN_INFINITE_RECURSION = YES;
				CLANG_WARN_INT_CONVERSION = YES;
				CLANG_WARN_OBJC_ROOT_CLASS = YES_ERROR;
				CLANG_WARN_SUSPICIOUS_MOVES = YES;
				CLANG_WARN_UNREACHABLE_CODE = YES;
				CLANG_WARN__DUPLICATE_METHOD_MATCH = YES;
				"CODE_SIGN_IDENTITY[sdk=iphoneos*]" = "iPhone Developer";
				COPY_PHASE_STRIP = NO;
				DEBUG_INFORMATION_FORMAT = dwarf;
				ENABLE_STRICT_OBJC_MSGSEND = YES;
				ENABLE_TESTABILITY = YES;
				GCC_C_LANGUAGE_STANDARD = gnu99;
				GCC_DYNAMIC_NO_PIC = NO;
				GCC_NO_COMMON_BLOCKS = YES;
				GCC_OPTIMIZATION_LEVEL = 0;
				GCC_PREPROCESSOR_DEFINITIONS = (
					"DEBUG=1",
					"$(inherited)",
				);
				GCC_WARN_64_TO_32_BIT_CONVERSION = YES;
				GCC_WARN_ABOUT_RETURN_TYPE = YES_ERROR;
				GCC_WARN_UNDECLARED_SELECTOR = YES;
				GCC_WARN_UNINITIALIZED_AUTOS = YES_AGGRESSIVE;
				GCC_WARN_UNUSED_FUNCTION = YES;
				GCC_WARN_UNUSED_VARIABLE = YES;
				IPHONEOS_DEPLOYMENT_TARGET = 10.0;
				MTL_ENABLE_DEBUG_INFO = YES;
				ONLY_ACTIVE_ARCH = YES;
				SDKROOT = iphoneos;
				TARGETED_DEVICE_FAMILY = 2;
			};
			name = Debug;
		};
		E1D0EB391E1B7E87000C9541 /* Release */ = {
			isa = XCBuildConfiguration;
			buildSettings = {
				ALWAYS_SEARCH_USER_PATHS = NO;
				CLANG_ANALYZER_NONNULL = YES;
				CLANG_CXX_LANGUAGE_STANDARD = "gnu++0x";
				CLANG_CXX_LIBRARY = "libc++";
				CLANG_ENABLE_MODULES = YES;
				CLANG_ENABLE_OBJC_ARC = YES;
				CLANG_WARN_BOOL_CONVERSION = YES;
				CLANG_WARN_CONSTANT_CONVERSION = YES;
				CLANG_WARN_DIRECT_OBJC_ISA_USAGE = YES_ERROR;
				CLANG_WARN_DOCUMENTATION_COMMENTS = YES;
				CLANG_WARN_EMPTY_BODY = YES;
				CLANG_WARN_ENUM_CONVERSION = YES;
				CLANG_WARN_INFINITE_RECURSION = YES;
				CLANG_WARN_INT_CONVERSION = YES;
				CLANG_WARN_OBJC_ROOT_CLASS = YES_ERROR;
				CLANG_WARN_SUSPICIOUS_MOVES = YES;
				CLANG_WARN_UNREACHABLE_CODE = YES;
				CLANG_WARN__DUPLICATE_METHOD_MATCH = YES;
				"CODE_SIGN_IDENTITY[sdk=iphoneos*]" = "iPhone Developer";
				COPY_PHASE_STRIP = NO;
				DEBUG_INFORMATION_FORMAT = "dwarf-with-dsym";
				ENABLE_NS_ASSERTIONS = NO;
				ENABLE_STRICT_OBJC_MSGSEND = YES;
				GCC_C_LANGUAGE_STANDARD = gnu99;
				GCC_NO_COMMON_BLOCKS = YES;
				GCC_WARN_64_TO_32_BIT_CONVERSION = YES;
				GCC_WARN_ABOUT_RETURN_TYPE = YES_ERROR;
				GCC_WARN_UNDECLARED_SELECTOR = YES;
				GCC_WARN_UNINITIALIZED_AUTOS = YES_AGGRESSIVE;
				GCC_WARN_UNUSED_FUNCTION = YES;
				GCC_WARN_UNUSED_VARIABLE = YES;
				IPHONEOS_DEPLOYMENT_TARGET = 10.0;
				MTL_ENABLE_DEBUG_INFO = NO;
				SDKROOT = iphoneos;
				TARGETED_DEVICE_FAMILY = 2;
				VALIDATE_PRODUCT = YES;
			};
			name = Release;
		};
		E1D0EB3B1E1B7E87000C9541 /* Debug */ = {
			isa = XCBuildConfiguration;
			buildSettings = {
				ASSETCATALOG_COMPILER_APPICON_NAME = AppIcon;
				ASSETCATALOG_COMPILER_LAUNCHIMAGE_NAME = "LaunchImage-2";
				DEVELOPMENT_TEAM = FUV5KWMMAV;
				INFOPLIST_FILE = DKMeituanHD/Info.plist;
				LD_RUNPATH_SEARCH_PATHS = "$(inherited) @executable_path/Frameworks";
				PRODUCT_BUNDLE_IDENTIFIER = com.cmcc.DKMeituanHD;
				PRODUCT_NAME = "$(TARGET_NAME)";
			};
			name = Debug;
		};
		E1D0EB3C1E1B7E87000C9541 /* Release */ = {
			isa = XCBuildConfiguration;
			buildSettings = {
				ASSETCATALOG_COMPILER_APPICON_NAME = AppIcon;
				ASSETCATALOG_COMPILER_LAUNCHIMAGE_NAME = "LaunchImage-2";
				DEVELOPMENT_TEAM = FUV5KWMMAV;
				INFOPLIST_FILE = DKMeituanHD/Info.plist;
				LD_RUNPATH_SEARCH_PATHS = "$(inherited) @executable_path/Frameworks";
				PRODUCT_BUNDLE_IDENTIFIER = com.cmcc.DKMeituanHD;
				PRODUCT_NAME = "$(TARGET_NAME)";
			};
			name = Release;
		};
/* End XCBuildConfiguration section */

/* Begin XCConfigurationList section */
		E1D0EB1E1E1B7E86000C9541 /* Build configuration list for PBXProject "DKMeituanHD" */ = {
			isa = XCConfigurationList;
			buildConfigurations = (
				E1D0EB381E1B7E87000C9541 /* Debug */,
				E1D0EB391E1B7E87000C9541 /* Release */,
			);
			defaultConfigurationIsVisible = 0;
			defaultConfigurationName = Release;
		};
		E1D0EB3A1E1B7E87000C9541 /* Build configuration list for PBXNativeTarget "DKMeituanHD" */ = {
			isa = XCConfigurationList;
			buildConfigurations = (
				E1D0EB3B1E1B7E87000C9541 /* Debug */,
				E1D0EB3C1E1B7E87000C9541 /* Release */,
			);
			defaultConfigurationIsVisible = 0;
			defaultConfigurationName = Release;
		};
/* End XCConfigurationList section */
	};
	rootObject = E1D0EB1B1E1B7E86000C9541 /* Project object */;
}
